{
  "name": "next-react-server-components",
  "lockfileVersion": 2,
  "requires": true,
  "packages": {
    "": {
      "dependencies": {
        "@types/node": "^18.16.2",
        "@types/react": "18.2.0",
        "ms": "3.0.0-canary.1",
        "next": "13.3.2-canary.14",
        "react": "18.2.0",
        "react-dom": "18.2.0",
        "server-only": "^0.0.1",
        "typescript": "^5.0.4"
      }
    },
    "node_modules/@next/env": {
      "version": "13.3.2-canary.14",
      "resolved": "https://registry.npmjs.org/@next/env/-/env-13.3.2-canary.14.tgz",
      "integrity": "sha512-37oWerq2gDESSenYpRFbY+15qpM9AfW2UjkcP+nRlGZJuTuoBJF/q3MVAipBC1PZ2XJ2NXJiVHEmd9TR1qBi8Q=="
    },
    "node_modules/@next/swc-darwin-arm64": {
      "version": "13.3.2-canary.14",
      "resolved": "https://registry.npmjs.org/@next/swc-darwin-arm64/-/swc-darwin-arm64-13.3.2-canary.14.tgz",
      "integrity": "sha512-fu6Y5eHw1HjLTkrr8kyDsY2dtMem4FUxNVNtwlcAWAxfoVCCaVRZy7H0laW6eNSGJRBNmipNtRkEy/eJ4m8wpw==",
      "cpu": [
        "arm64"
      ],
      "optional": true,
      "os": [
        "darwin"
      ],
      "engines": {
        "node": ">= 10"
      }
    },
    "node_modules/@next/swc-darwin-x64": {
      "version": "13.3.2-canary.14",
      "resolved": "https://registry.npmjs.org/@next/swc-darwin-x64/-/swc-darwin-x64-13.3.2-canary.14.tgz",
      "integrity": "sha512-vIakmRcxeIiC+NzwU2h9dZdVfjwHMkME4ZY8nPR1JgeVM78voigHlL2E34Fh1jYbKhSXsJ2qX9rlYWYvPXmacQ==",
      "cpu": [
        "x64"
      ],
      "optional": true,
      "os": [
        "darwin"
      ],
      "engines": {
        "node": ">= 10"
      }
    },
    "node_modules/@next/swc-linux-arm64-gnu": {
      "version": "13.3.2-canary.14",
      "resolved": "https://registry.npmjs.org/@next/swc-linux-arm64-gnu/-/swc-linux-arm64-gnu-13.3.2-canary.14.tgz",
      "integrity": "sha512-aDX60uDWPKgF53zyjYCBC2yh0rzhnmoRr5ALr8MoZrIQ00DPNmmYTYN9sIhHr/owVtC8TJ+u/R4BiGovUhhSAg==",
      "cpu": [
        "arm64"
      ],
      "optional": true,
      "os": [
        "linux"
      ],
      "engines": {
        "node": ">= 10"
      }
    },
    "node_modules/@next/swc-linux-arm64-musl": {
      "version": "13.3.2-canary.14",
      "resolved": "https://registry.npmjs.org/@next/swc-linux-arm64-musl/-/swc-linux-arm64-musl-13.3.2-canary.14.tgz",
      "integrity": "sha512-j/rRxOmFBh7dE+WdhoAam9G5IbIkXCnwcLpFirADiaQ6LfxzJ7Y5qjaDB+XuXbTMF2E3NMYOwdEd9HDHAMK/sg==",
      "cpu": [
        "arm64"
      ],
      "optional": true,
      "os": [
        "linux"
      ],
      "engines": {
        "node": ">= 10"
      }
    },
    "node_modules/@next/swc-linux-x64-gnu": {
      "version": "13.3.2-canary.14",
      "resolved": "https://registry.npmjs.org/@next/swc-linux-x64-gnu/-/swc-linux-x64-gnu-13.3.2-canary.14.tgz",
      "integrity": "sha512-ed1+cusBWzmkWGzPvotuehchmReAcLOVjuKrt+6TQV1kq4yK7x5wiq9YDNTmV4kAq02TzBwcccyIbplMF0oOrw==",
      "cpu": [
        "x64"
      ],
      "optional": true,
      "os": [
        "linux"
      ],
      "engines": {
        "node": ">= 10"
      }
    },
    "node_modules/@next/swc-linux-x64-musl": {
      "version": "13.3.2-canary.14",
      "resolved": "https://registry.npmjs.org/@next/swc-linux-x64-musl/-/swc-linux-x64-musl-13.3.2-canary.14.tgz",
      "integrity": "sha512-JtW44VmCLr94PiAinrC2X92p9j2NZckSLbIAIyCcKdIfsCdyGsvbARejDAkmNIDQX9LOAgP0Q2/jt9oXaB7rLw==",
      "cpu": [
        "x64"
      ],
      "optional": true,
      "os": [
        "linux"
      ],
      "engines": {
        "node": ">= 10"
      }
    },
    "node_modules/@next/swc-win32-arm64-msvc": {
      "version": "13.3.2-canary.14",
      "resolved": "https://registry.npmjs.org/@next/swc-win32-arm64-msvc/-/swc-win32-arm64-msvc-13.3.2-canary.14.tgz",
      "integrity": "sha512-zKnEdHqDC6k83WDT9i+5m++Qlq3rLE1gZEGPHZ6vmbGSf8v59+LFS6sMty44btJuuuuPbJWhlgzfpE6jfgy1CQ==",
      "cpu": [
        "arm64"
      ],
      "optional": true,
      "os": [
        "win32"
      ],
      "engines": {
        "node": ">= 10"
      }
    },
    "node_modules/@next/swc-win32-ia32-msvc": {
      "version": "13.3.2-canary.14",
      "resolved": "https://registry.npmjs.org/@next/swc-win32-ia32-msvc/-/swc-win32-ia32-msvc-13.3.2-canary.14.tgz",
      "integrity": "sha512-hBi8TAWjzJfq3JXjDEM7l4N6GRcmi+oAiZNCYqFyJyZwqVaSaK536006lC9f47UuBiw0sOEWWXpi3LfFdYBZ3w==",
      "cpu": [
        "ia32"
      ],
      "optional": true,
      "os": [
        "win32"
      ],
      "engines": {
        "node": ">= 10"
      }
    },
    "node_modules/@next/swc-win32-x64-msvc": {
      "version": "13.3.2-canary.14",
      "resolved": "https://registry.npmjs.org/@next/swc-win32-x64-msvc/-/swc-win32-x64-msvc-13.3.2-canary.14.tgz",
      "integrity": "sha512-GYM9gSr8b6Jbhr+3rfH/ikh1TCIX0nH/eqmHxWBz8HJ2ztpDYaEbPlBT0UcqGjVIAS3buk2MMr2mgMfCfN8xMg==",
      "cpu": [
        "x64"
      ],
      "optional": true,
      "os": [
        "win32"
      ],
      "engines": {
        "node": ">= 10"
      }
    },
    "node_modules/@swc/helpers": {
      "version": "0.5.1",
      "license": "Apache-2.0",
      "dependencies": {
        "tslib": "^2.4.0"
      }
    },
    "node_modules/@types/node": {
      "version": "18.16.2",
      "license": "MIT"
    },
    "node_modules/@types/prop-types": {
      "version": "15.7.5",
      "license": "MIT"
    },
    "node_modules/@types/react": {
      "version": "18.2.0",
      "license": "MIT",
      "dependencies": {
        "@types/prop-types": "*",
        "@types/scheduler": "*",
        "csstype": "^3.0.2"
      }
    },
    "node_modules/@types/scheduler": {
      "version": "0.16.3",
      "license": "MIT"
    },
    "node_modules/busboy": {
      "version": "1.6.0",
      "dependencies": {
        "streamsearch": "^1.1.0"
      },
      "engines": {
        "node": ">=10.16.0"
      }
    },
    "node_modules/caniuse-lite": {
      "version": "1.0.30001481",
      "funding": [
        {
          "type": "opencollective",
          "url": "https://opencollective.com/browserslist"
        },
        {
          "type": "tidelift",
          "url": "https://tidelift.com/funding/github/npm/caniuse-lite"
        },
        {
          "type": "github",
          "url": "https://github.com/sponsors/ai"
        }
      ],
      "license": "CC-BY-4.0"
    },
    "node_modules/client-only": {
      "version": "0.0.1",
      "license": "MIT"
    },
    "node_modules/csstype": {
      "version": "3.1.2",
      "license": "MIT"
    },
    "node_modules/js-tokens": {
      "version": "4.0.0",
      "license": "MIT"
    },
    "node_modules/loose-envify": {
      "version": "1.4.0",
      "license": "MIT",
      "dependencies": {
        "js-tokens": "^3.0.0 || ^4.0.0"
      },
      "bin": {
        "loose-envify": "cli.js"
      }
    },
    "node_modules/ms": {
      "version": "3.0.0-canary.1",
      "license": "MIT",
      "engines": {
        "node": ">=12.13"
      }
    },
    "node_modules/nanoid": {
      "version": "3.3.6",
      "funding": [
        {
          "type": "github",
          "url": "https://github.com/sponsors/ai"
        }
      ],
      "license": "MIT",
      "bin": {
        "nanoid": "bin/nanoid.cjs"
      },
      "engines": {
        "node": "^10 || ^12 || ^13.7 || ^14 || >=15.0.1"
      }
    },
    "node_modules/next": {
      "version": "13.3.2-canary.14",
      "resolved": "https://registry.npmjs.org/next/-/next-13.3.2-canary.14.tgz",
      "integrity": "sha512-VTNfFGo2JOR615mNagsohLXb/PPdNFYFQ+CFaoyEz5aQ2OflabaTWuPQx/vRNTCv7An+zn7hvoCeG1e2ZP0frA==",
      "dependencies": {
        "@next/env": "13.3.2-canary.14",
        "@swc/helpers": "0.5.1",
        "busboy": "1.6.0",
        "caniuse-lite": "^1.0.30001406",
        "postcss": "8.4.14",
        "styled-jsx": "5.1.1"
      },
      "bin": {
        "next": "dist/bin/next"
      },
      "engines": {
        "node": ">=16.8.0"
      },
      "optionalDependencies": {
        "@next/swc-darwin-arm64": "13.3.2-canary.14",
        "@next/swc-darwin-x64": "13.3.2-canary.14",
        "@next/swc-linux-arm64-gnu": "13.3.2-canary.14",
        "@next/swc-linux-arm64-musl": "13.3.2-canary.14",
        "@next/swc-linux-x64-gnu": "13.3.2-canary.14",
        "@next/swc-linux-x64-musl": "13.3.2-canary.14",
        "@next/swc-win32-arm64-msvc": "13.3.2-canary.14",
        "@next/swc-win32-ia32-msvc": "13.3.2-canary.14",
        "@next/swc-win32-x64-msvc": "13.3.2-canary.14"
      },
      "peerDependencies": {
        "@opentelemetry/api": "^1.1.0",
        "fibers": ">= 3.1.0",
        "node-sass": "^6.0.0 || ^7.0.0",
        "react": "^18.2.0",
        "react-dom": "^18.2.0",
        "sass": "^1.3.0"
      },
      "peerDependenciesMeta": {
        "@opentelemetry/api": {
          "optional": true
        },
        "fibers": {
          "optional": true
        },
        "node-sass": {
          "optional": true
        },
        "sass": {
          "optional": true
        }
      }
    },
    "node_modules/picocolors": {
      "version": "1.0.0",
      "license": "ISC"
    },
    "node_modules/postcss": {
      "version": "8.4.14",
      "funding": [
        {
          "type": "opencollective",
          "url": "https://opencollective.com/postcss/"
        },
        {
          "type": "tidelift",
          "url": "https://tidelift.com/funding/github/npm/postcss"
        }
      ],
      "license": "MIT",
      "dependencies": {
        "nanoid": "^3.3.4",
        "picocolors": "^1.0.0",
        "source-map-js": "^1.0.2"
      },
      "engines": {
        "node": "^10 || ^12 || >=14"
      }
    },
    "node_modules/react": {
      "version": "18.2.0",
      "license": "MIT",
      "dependencies": {
        "loose-envify": "^1.1.0"
      },
      "engines": {
        "node": ">=0.10.0"
      }
    },
    "node_modules/react-dom": {
      "version": "18.2.0",
      "license": "MIT",
      "dependencies": {
        "loose-envify": "^1.1.0",
        "scheduler": "^0.23.0"
      },
      "peerDependencies": {
        "react": "^18.2.0"
      }
    },
    "node_modules/scheduler": {
      "version": "0.23.0",
      "license": "MIT",
      "dependencies": {
        "loose-envify": "^1.1.0"
      }
    },
    "node_modules/server-only": {
      "version": "0.0.1",
      "resolved": "https://registry.npmjs.org/server-only/-/server-only-0.0.1.tgz",
      "integrity": "sha512-qepMx2JxAa5jjfzxG79yPPq+8BuFToHd1hm7kI+Z4zAq1ftQiP7HcxMhDDItrbtwVeLg/cY2JnKnrcFkmiswNA=="
    },
    "node_modules/source-map-js": {
      "version": "1.0.2",
      "license": "BSD-3-Clause",
      "engines": {
        "node": ">=0.10.0"
      }
    },
    "node_modules/streamsearch": {
      "version": "1.1.0",
      "engines": {
        "node": ">=10.0.0"
      }
    },
    "node_modules/styled-jsx": {
      "version": "5.1.1",
      "license": "MIT",
      "dependencies": {
        "client-only": "0.0.1"
      },
      "engines": {
        "node": ">= 12.0.0"
      },
      "peerDependencies": {
        "react": ">= 16.8.0 || 17.x.x || ^18.0.0-0"
      },
      "peerDependenciesMeta": {
        "@babel/core": {
          "optional": true
        },
        "babel-plugin-macros": {
          "optional": true
        }
      }
    },
    "node_modules/tslib": {
      "version": "2.5.0",
      "license": "0BSD"
    },
    "node_modules/typescript": {
      "version": "5.0.4",
      "license": "Apache-2.0",
      "bin": {
        "tsc": "bin/tsc",
        "tsserver": "bin/tsserver"
      },
      "engines": {
        "node": ">=12.20"
      }
    }
  },
  "dependencies": {
    "@next/env": {
      "version": "13.3.2-canary.14",
      "resolved": "https://registry.npmjs.org/@next/env/-/env-13.3.2-canary.14.tgz",
      "integrity": "sha512-37oWerq2gDESSenYpRFbY+15qpM9AfW2UjkcP+nRlGZJuTuoBJF/q3MVAipBC1PZ2XJ2NXJiVHEmd9TR1qBi8Q=="
    },
    "@next/swc-darwin-arm64": {
      "version": "13.3.2-canary.14",
      "resolved": "https://registry.npmjs.org/@next/swc-darwin-arm64/-/swc-darwin-arm64-13.3.2-canary.14.tgz",
      "integrity": "sha512-fu6Y5eHw1HjLTkrr8kyDsY2dtMem4FUxNVNtwlcAWAxfoVCCaVRZy7H0laW6eNSGJRBNmipNtRkEy/eJ4m8wpw==",
      "optional": true
    },
    "@next/swc-darwin-x64": {
      "version": "13.3.2-canary.14",
      "resolved": "https://registry.npmjs.org/@next/swc-darwin-x64/-/swc-darwin-x64-13.3.2-canary.14.tgz",
      "integrity": "sha512-vIakmRcxeIiC+NzwU2h9dZdVfjwHMkME4ZY8nPR1JgeVM78voigHlL2E34Fh1jYbKhSXsJ2qX9rlYWYvPXmacQ==",
      "optional": true
    },
    "@next/swc-linux-arm64-gnu": {
      "version": "13.3.2-canary.14",
      "resolved": "https://registry.npmjs.org/@next/swc-linux-arm64-gnu/-/swc-linux-arm64-gnu-13.3.2-canary.14.tgz",
      "integrity": "sha512-aDX60uDWPKgF53zyjYCBC2yh0rzhnmoRr5ALr8MoZrIQ00DPNmmYTYN9sIhHr/owVtC8TJ+u/R4BiGovUhhSAg==",
      "optional": true
    },
    "@next/swc-linux-arm64-musl": {
      "version": "13.3.2-canary.14",
      "resolved": "https://registry.npmjs.org/@next/swc-linux-arm64-musl/-/swc-linux-arm64-musl-13.3.2-canary.14.tgz",
      "integrity": "sha512-j/rRxOmFBh7dE+WdhoAam9G5IbIkXCnwcLpFirADiaQ6LfxzJ7Y5qjaDB+XuXbTMF2E3NMYOwdEd9HDHAMK/sg==",
      "optional": true
    },
    "@next/swc-linux-x64-gnu": {
      "version": "13.3.2-canary.14",
      "resolved": "https://registry.npmjs.org/@next/swc-linux-x64-gnu/-/swc-linux-x64-gnu-13.3.2-canary.14.tgz",
      "integrity": "sha512-ed1+cusBWzmkWGzPvotuehchmReAcLOVjuKrt+6TQV1kq4yK7x5wiq9YDNTmV4kAq02TzBwcccyIbplMF0oOrw==",
      "optional": true
    },
    "@next/swc-linux-x64-musl": {
      "version": "13.3.2-canary.14",
      "resolved": "https://registry.npmjs.org/@next/swc-linux-x64-musl/-/swc-linux-x64-musl-13.3.2-canary.14.tgz",
      "integrity": "sha512-JtW44VmCLr94PiAinrC2X92p9j2NZckSLbIAIyCcKdIfsCdyGsvbARejDAkmNIDQX9LOAgP0Q2/jt9oXaB7rLw==",
      "optional": true
    },
    "@next/swc-win32-arm64-msvc": {
      "version": "13.3.2-canary.14",
      "resolved": "https://registry.npmjs.org/@next/swc-win32-arm64-msvc/-/swc-win32-arm64-msvc-13.3.2-canary.14.tgz",
      "integrity": "sha512-zKnEdHqDC6k83WDT9i+5m++Qlq3rLE1gZEGPHZ6vmbGSf8v59+LFS6sMty44btJuuuuPbJWhlgzfpE6jfgy1CQ==",
      "optional": true
    },
    "@next/swc-win32-ia32-msvc": {
      "version": "13.3.2-canary.14",
      "resolved": "https://registry.npmjs.org/@next/swc-win32-ia32-msvc/-/swc-win32-ia32-msvc-13.3.2-canary.14.tgz",
      "integrity": "sha512-hBi8TAWjzJfq3JXjDEM7l4N6GRcmi+oAiZNCYqFyJyZwqVaSaK536006lC9f47UuBiw0sOEWWXpi3LfFdYBZ3w==",
      "optional": true
    },
    "@next/swc-win32-x64-msvc": {
      "version": "13.3.2-canary.14",
      "resolved": "https://registry.npmjs.org/@next/swc-win32-x64-msvc/-/swc-win32-x64-msvc-13.3.2-canary.14.tgz",
      "integrity": "sha512-GYM9gSr8b6Jbhr+3rfH/ikh1TCIX0nH/eqmHxWBz8HJ2ztpDYaEbPlBT0UcqGjVIAS3buk2MMr2mgMfCfN8xMg==",
      "optional": true
    },
    "@swc/helpers": {
      "version": "0.5.1",
      "requires": {
        "tslib": "^2.4.0"
      }
    },
    "@types/node": {
      "version": "18.16.2"
    },
    "@types/prop-types": {
      "version": "15.7.5"
    },
    "@types/react": {
      "version": "18.2.0",
      "requires": {
        "@types/prop-types": "*",
        "@types/scheduler": "*",
        "csstype": "^3.0.2"
      }
    },
    "@types/scheduler": {
      "version": "0.16.3"
    },
    "busboy": {
      "version": "1.6.0",
      "requires": {
        "streamsearch": "^1.1.0"
      }
    },
    "caniuse-lite": {
      "version": "1.0.30001481"
    },
    "client-only": {
      "version": "0.0.1"
    },
    "csstype": {
      "version": "3.1.2"
    },
    "js-tokens": {
      "version": "4.0.0"
    },
    "loose-envify": {
      "version": "1.4.0",
      "requires": {
        "js-tokens": "^3.0.0 || ^4.0.0"
      }
    },
    "ms": {
      "version": "3.0.0-canary.1"
    },
    "nanoid": {
      "version": "3.3.6"
    },
    "next": {
      "version": "13.3.2-canary.14",
      "resolved": "https://registry.npmjs.org/next/-/next-13.3.2-canary.14.tgz",
      "integrity": "sha512-VTNfFGo2JOR615mNagsohLXb/PPdNFYFQ+CFaoyEz5aQ2OflabaTWuPQx/vRNTCv7An+zn7hvoCeG1e2ZP0frA==",
      "requires": {
        "@next/env": "13.3.2-canary.14",
        "@next/swc-darwin-arm64": "13.3.2-canary.14",
        "@next/swc-darwin-x64": "13.3.2-canary.14",
        "@next/swc-linux-arm64-gnu": "13.3.2-canary.14",
        "@next/swc-linux-arm64-musl": "13.3.2-canary.14",
        "@next/swc-linux-x64-gnu": "13.3.2-canary.14",
        "@next/swc-linux-x64-musl": "13.3.2-canary.14",
        "@next/swc-win32-arm64-msvc": "13.3.2-canary.14",
        "@next/swc-win32-ia32-msvc": "13.3.2-canary.14",
        "@next/swc-win32-x64-msvc": "13.3.2-canary.14",
        "@swc/helpers": "0.5.1",
        "busboy": "1.6.0",
        "caniuse-lite": "^1.0.30001406",
        "postcss": "8.4.14",
        "styled-jsx": "5.1.1"
      }
    },
    "picocolors": {
      "version": "1.0.0"
    },
    "postcss": {
      "version": "8.4.14",
      "requires": {
        "nanoid": "^3.3.4",
        "picocolors": "^1.0.0",
        "source-map-js": "^1.0.2"
      }
    },
    "react": {
      "version": "18.2.0",
      "requires": {
        "loose-envify": "^1.1.0"
      }
    },
    "react-dom": {
      "version": "18.2.0",
      "requires": {
        "loose-envify": "^1.1.0",
        "scheduler": "^0.23.0"
      }
    },
    "scheduler": {
      "version": "0.23.0",
      "requires": {
        "loose-envify": "^1.1.0"
      }
    },
    "server-only": {
      "version": "0.0.1",
      "resolved": "https://registry.npmjs.org/server-only/-/server-only-0.0.1.tgz",
      "integrity": "sha512-qepMx2JxAa5jjfzxG79yPPq+8BuFToHd1hm7kI+Z4zAq1ftQiP7HcxMhDDItrbtwVeLg/cY2JnKnrcFkmiswNA=="
    },
    "source-map-js": {
      "version": "1.0.2"
    },
    "streamsearch": {
      "version": "1.1.0"
    },
    "styled-jsx": {
      "version": "5.1.1",
      "requires": {
        "client-only": "0.0.1"
      }
    },
    "tslib": {
      "version": "2.5.0"
    },
    "typescript": {
      "version": "5.0.4"
    }
  }
}
