{
  "name": "next-react-server-components",
  "lockfileVersion": 2,
  "requires": true,
  "packages": {
    "": {
      "dependencies": {
        "@types/node": "^18.16.2",
        "@types/react": "18.2.0",
        "ms": "3.0.0-canary.1",
        "next": "13.3.5-canary.6",
        "react": "18.2.0",
        "react-dom": "18.2.0",
        "server-only": "^0.0.1",
        "typescript": "^5.0.4"
      }
    },
    "node_modules/@next/env": {
      "version": "13.3.5-canary.6",
      "resolved": "https://registry.npmjs.org/@next/env/-/env-13.3.5-canary.6.tgz",
      "integrity": "sha512-TxC70YsTQhs2d36/Ypz+0FLpOjpZNPQ3Fub6jKmt6AOPWfW8Nu95EweycFz5uwj1Hp3vFBeRJWwzwTs4dNKmMA=="
    },
    "node_modules/@next/swc-darwin-arm64": {
      "version": "13.3.5-canary.6",
      "resolved": "https://registry.npmjs.org/@next/swc-darwin-arm64/-/swc-darwin-arm64-13.3.5-canary.6.tgz",
      "integrity": "sha512-3GUcAK4u+E2gUK+rJ98cLMZ9Id61maG6KoODSa9Dd2a3aUYfc8oYtrKBKTxiV4D2d1tYdxenfmoSvsgiwTgVGw==",
      "cpu": [
        "arm64"
      ],
      "optional": true,
      "os": [
        "darwin"
      ],
      "engines": {
        "node": ">= 10"
      }
    },
    "node_modules/@next/swc-darwin-x64": {
      "version": "13.3.5-canary.6",
      "resolved": "https://registry.npmjs.org/@next/swc-darwin-x64/-/swc-darwin-x64-13.3.5-canary.6.tgz",
      "integrity": "sha512-PoLtmXhAejM7egBQ+W+nHTkB6pOVTlB9xSuc2UoDoPWM4Dis3dRU+9mVxw6z7MH2QxCu3z51JQp/3cy8t1oOjQ==",
      "cpu": [
        "x64"
      ],
      "optional": true,
      "os": [
        "darwin"
      ],
      "engines": {
        "node": ">= 10"
      }
    },
    "node_modules/@next/swc-linux-arm64-gnu": {
      "version": "13.3.5-canary.6",
      "resolved": "https://registry.npmjs.org/@next/swc-linux-arm64-gnu/-/swc-linux-arm64-gnu-13.3.5-canary.6.tgz",
      "integrity": "sha512-MXHEQXYA1V+hMSeQKWPGmifhKJd3NfzFTdONiFU7LLnVSIvsA4uHoR/vH3a/K29H5mio1QpiNFNDTQBsLy5eBA==",
      "cpu": [
        "arm64"
      ],
      "optional": true,
      "os": [
        "linux"
      ],
      "engines": {
        "node": ">= 10"
      }
    },
    "node_modules/@next/swc-linux-arm64-musl": {
      "version": "13.3.5-canary.6",
      "resolved": "https://registry.npmjs.org/@next/swc-linux-arm64-musl/-/swc-linux-arm64-musl-13.3.5-canary.6.tgz",
      "integrity": "sha512-d3HebZSfEtt92MVlakp/GHmauQBVi3ta/Y4vrmMvaPmNnKOQkflUmjA7Jfkn74foA0EO58rD6uurDJWuWWSA9A==",
      "cpu": [
        "arm64"
      ],
      "optional": true,
      "os": [
        "linux"
      ],
      "engines": {
        "node": ">= 10"
      }
    },
    "node_modules/@next/swc-linux-x64-gnu": {
      "version": "13.3.5-canary.6",
      "resolved": "https://registry.npmjs.org/@next/swc-linux-x64-gnu/-/swc-linux-x64-gnu-13.3.5-canary.6.tgz",
      "integrity": "sha512-K7XTWUZ8PzUytk82wevbaeBmQzsACqC2+0zuBvxlINsXiIBQDCHrYVSZNbrcTWIExo/2pQvIWuKQ/oQ2O4YM9w==",
      "cpu": [
        "x64"
      ],
      "optional": true,
      "os": [
        "linux"
      ],
      "engines": {
        "node": ">= 10"
      }
    },
    "node_modules/@next/swc-linux-x64-musl": {
      "version": "13.3.5-canary.6",
      "resolved": "https://registry.npmjs.org/@next/swc-linux-x64-musl/-/swc-linux-x64-musl-13.3.5-canary.6.tgz",
      "integrity": "sha512-1hDyMnycSjZafv/rTgqbwqenzk/xvJu927UInCX4HX0NzGsWAcEru48DCZNtwNQ+oQhOWIQ0K1UggUtXcwaGCQ==",
      "cpu": [
        "x64"
      ],
      "optional": true,
      "os": [
        "linux"
      ],
      "engines": {
        "node": ">= 10"
      }
    },
    "node_modules/@next/swc-win32-arm64-msvc": {
      "version": "13.3.5-canary.6",
      "resolved": "https://registry.npmjs.org/@next/swc-win32-arm64-msvc/-/swc-win32-arm64-msvc-13.3.5-canary.6.tgz",
      "integrity": "sha512-JgZkeFk+b1MHZdRMv0hmiqFyo7Aa7WsL2vplp3U1ed4dj5/WJIMowh4ayEDSv3QLGUQl+nDdT7TEoqJSnV6d1g==",
      "cpu": [
        "arm64"
      ],
      "optional": true,
      "os": [
        "win32"
      ],
      "engines": {
        "node": ">= 10"
      }
    },
    "node_modules/@next/swc-win32-ia32-msvc": {
      "version": "13.3.5-canary.6",
      "resolved": "https://registry.npmjs.org/@next/swc-win32-ia32-msvc/-/swc-win32-ia32-msvc-13.3.5-canary.6.tgz",
      "integrity": "sha512-s3crlIiXTlYYArINXlzBPHzxEPKg2Is5tfZAecNqlMSzzvbCMk5TWkTOWaFAE34HrSW8BFQK7kyHtWduYvvmtA==",
      "cpu": [
        "ia32"
      ],
      "optional": true,
      "os": [
        "win32"
      ],
      "engines": {
        "node": ">= 10"
      }
    },
    "node_modules/@next/swc-win32-x64-msvc": {
      "version": "13.3.5-canary.6",
      "resolved": "https://registry.npmjs.org/@next/swc-win32-x64-msvc/-/swc-win32-x64-msvc-13.3.5-canary.6.tgz",
      "integrity": "sha512-d3DM2zma8apQOvf7ubmNv7pZJJD30Htm1FeGZJA9ozs8FmboTgoK7PWB/E4erL/y2bIkTxJkrRXy0rl80q+0jA==",
      "cpu": [
        "x64"
      ],
      "optional": true,
      "os": [
        "win32"
      ],
      "engines": {
        "node": ">= 10"
      }
    },
    "node_modules/@swc/helpers": {
      "version": "0.5.1",
      "license": "Apache-2.0",
      "dependencies": {
        "tslib": "^2.4.0"
      }
    },
    "node_modules/@types/node": {
      "version": "18.16.2",
      "license": "MIT"
    },
    "node_modules/@types/prop-types": {
      "version": "15.7.5",
      "license": "MIT"
    },
    "node_modules/@types/react": {
      "version": "18.2.0",
      "license": "MIT",
      "dependencies": {
        "@types/prop-types": "*",
        "@types/scheduler": "*",
        "csstype": "^3.0.2"
      }
    },
    "node_modules/@types/scheduler": {
      "version": "0.16.3",
      "license": "MIT"
    },
    "node_modules/busboy": {
      "version": "1.6.0",
      "dependencies": {
        "streamsearch": "^1.1.0"
      },
      "engines": {
        "node": ">=10.16.0"
      }
    },
    "node_modules/caniuse-lite": {
      "version": "1.0.30001481",
      "funding": [
        {
          "type": "opencollective",
          "url": "https://opencollective.com/browserslist"
        },
        {
          "type": "tidelift",
          "url": "https://tidelift.com/funding/github/npm/caniuse-lite"
        },
        {
          "type": "github",
          "url": "https://github.com/sponsors/ai"
        }
      ],
      "license": "CC-BY-4.0"
    },
    "node_modules/client-only": {
      "version": "0.0.1",
      "license": "MIT"
    },
    "node_modules/csstype": {
      "version": "3.1.2",
      "license": "MIT"
    },
    "node_modules/js-tokens": {
      "version": "4.0.0",
      "license": "MIT"
    },
    "node_modules/loose-envify": {
      "version": "1.4.0",
      "license": "MIT",
      "dependencies": {
        "js-tokens": "^3.0.0 || ^4.0.0"
      },
      "bin": {
        "loose-envify": "cli.js"
      }
    },
    "node_modules/ms": {
      "version": "3.0.0-canary.1",
      "license": "MIT",
      "engines": {
        "node": ">=12.13"
      }
    },
    "node_modules/nanoid": {
      "version": "3.3.6",
      "funding": [
        {
          "type": "github",
          "url": "https://github.com/sponsors/ai"
        }
      ],
      "license": "MIT",
      "bin": {
        "nanoid": "bin/nanoid.cjs"
      },
      "engines": {
        "node": "^10 || ^12 || ^13.7 || ^14 || >=15.0.1"
      }
    },
    "node_modules/next": {
      "version": "13.3.5-canary.6",
      "resolved": "https://registry.npmjs.org/next/-/next-13.3.5-canary.6.tgz",
      "integrity": "sha512-WLtxMtgqvjsZyaewUlXnosHdY5SNgKPa4abxlfe+VRpgBgdu8dMGaQjphlfX4JmeEsfqUyYga+UVYsROQSZghg==",
      "dependencies": {
        "@next/env": "13.3.5-canary.6",
        "@swc/helpers": "0.5.1",
        "busboy": "1.6.0",
        "caniuse-lite": "^1.0.30001406",
        "postcss": "8.4.14",
        "styled-jsx": "5.1.1"
      },
      "bin": {
        "next": "dist/bin/next"
      },
      "engines": {
        "node": ">=16.8.0"
      },
      "optionalDependencies": {
        "@next/swc-darwin-arm64": "13.3.5-canary.6",
        "@next/swc-darwin-x64": "13.3.5-canary.6",
        "@next/swc-linux-arm64-gnu": "13.3.5-canary.6",
        "@next/swc-linux-arm64-musl": "13.3.5-canary.6",
        "@next/swc-linux-x64-gnu": "13.3.5-canary.6",
        "@next/swc-linux-x64-musl": "13.3.5-canary.6",
        "@next/swc-win32-arm64-msvc": "13.3.5-canary.6",
        "@next/swc-win32-ia32-msvc": "13.3.5-canary.6",
        "@next/swc-win32-x64-msvc": "13.3.5-canary.6"
      },
      "peerDependencies": {
        "@opentelemetry/api": "^1.1.0",
        "fibers": ">= 3.1.0",
        "node-sass": "^6.0.0 || ^7.0.0",
        "react": "^18.2.0",
        "react-dom": "^18.2.0",
        "sass": "^1.3.0"
      },
      "peerDependenciesMeta": {
        "@opentelemetry/api": {
          "optional": true
        },
        "fibers": {
          "optional": true
        },
        "node-sass": {
          "optional": true
        },
        "sass": {
          "optional": true
        }
      }
    },
    "node_modules/picocolors": {
      "version": "1.0.0",
      "license": "ISC"
    },
    "node_modules/postcss": {
      "version": "8.4.14",
      "funding": [
        {
          "type": "opencollective",
          "url": "https://opencollective.com/postcss/"
        },
        {
          "type": "tidelift",
          "url": "https://tidelift.com/funding/github/npm/postcss"
        }
      ],
      "license": "MIT",
      "dependencies": {
        "nanoid": "^3.3.4",
        "picocolors": "^1.0.0",
        "source-map-js": "^1.0.2"
      },
      "engines": {
        "node": "^10 || ^12 || >=14"
      }
    },
    "node_modules/react": {
      "version": "18.2.0",
      "license": "MIT",
      "dependencies": {
        "loose-envify": "^1.1.0"
      },
      "engines": {
        "node": ">=0.10.0"
      }
    },
    "node_modules/react-dom": {
      "version": "18.2.0",
      "license": "MIT",
      "dependencies": {
        "loose-envify": "^1.1.0",
        "scheduler": "^0.23.0"
      },
      "peerDependencies": {
        "react": "^18.2.0"
      }
    },
    "node_modules/scheduler": {
      "version": "0.23.0",
      "license": "MIT",
      "dependencies": {
        "loose-envify": "^1.1.0"
      }
    },
    "node_modules/server-only": {
      "version": "0.0.1",
      "resolved": "https://registry.npmjs.org/server-only/-/server-only-0.0.1.tgz",
      "integrity": "sha512-qepMx2JxAa5jjfzxG79yPPq+8BuFToHd1hm7kI+Z4zAq1ftQiP7HcxMhDDItrbtwVeLg/cY2JnKnrcFkmiswNA=="
    },
    "node_modules/source-map-js": {
      "version": "1.0.2",
      "license": "BSD-3-Clause",
      "engines": {
        "node": ">=0.10.0"
      }
    },
    "node_modules/streamsearch": {
      "version": "1.1.0",
      "engines": {
        "node": ">=10.0.0"
      }
    },
    "node_modules/styled-jsx": {
      "version": "5.1.1",
      "license": "MIT",
      "dependencies": {
        "client-only": "0.0.1"
      },
      "engines": {
        "node": ">= 12.0.0"
      },
      "peerDependencies": {
        "react": ">= 16.8.0 || 17.x.x || ^18.0.0-0"
      },
      "peerDependenciesMeta": {
        "@babel/core": {
          "optional": true
        },
        "babel-plugin-macros": {
          "optional": true
        }
      }
    },
    "node_modules/tslib": {
      "version": "2.5.0",
      "license": "0BSD"
    },
    "node_modules/typescript": {
      "version": "5.0.4",
      "license": "Apache-2.0",
      "bin": {
        "tsc": "bin/tsc",
        "tsserver": "bin/tsserver"
      },
      "engines": {
        "node": ">=12.20"
      }
    }
  },
  "dependencies": {
    "@next/env": {
      "version": "13.3.5-canary.6",
      "resolved": "https://registry.npmjs.org/@next/env/-/env-13.3.5-canary.6.tgz",
      "integrity": "sha512-TxC70YsTQhs2d36/Ypz+0FLpOjpZNPQ3Fub6jKmt6AOPWfW8Nu95EweycFz5uwj1Hp3vFBeRJWwzwTs4dNKmMA=="
    },
    "@next/swc-darwin-arm64": {
      "version": "13.3.5-canary.6",
      "resolved": "https://registry.npmjs.org/@next/swc-darwin-arm64/-/swc-darwin-arm64-13.3.5-canary.6.tgz",
      "integrity": "sha512-3GUcAK4u+E2gUK+rJ98cLMZ9Id61maG6KoODSa9Dd2a3aUYfc8oYtrKBKTxiV4D2d1tYdxenfmoSvsgiwTgVGw==",
      "optional": true
    },
    "@next/swc-darwin-x64": {
      "version": "13.3.5-canary.6",
      "resolved": "https://registry.npmjs.org/@next/swc-darwin-x64/-/swc-darwin-x64-13.3.5-canary.6.tgz",
      "integrity": "sha512-PoLtmXhAejM7egBQ+W+nHTkB6pOVTlB9xSuc2UoDoPWM4Dis3dRU+9mVxw6z7MH2QxCu3z51JQp/3cy8t1oOjQ==",
      "optional": true
    },
    "@next/swc-linux-arm64-gnu": {
      "version": "13.3.5-canary.6",
      "resolved": "https://registry.npmjs.org/@next/swc-linux-arm64-gnu/-/swc-linux-arm64-gnu-13.3.5-canary.6.tgz",
      "integrity": "sha512-MXHEQXYA1V+hMSeQKWPGmifhKJd3NfzFTdONiFU7LLnVSIvsA4uHoR/vH3a/K29H5mio1QpiNFNDTQBsLy5eBA==",
      "optional": true
    },
    "@next/swc-linux-arm64-musl": {
      "version": "13.3.5-canary.6",
      "resolved": "https://registry.npmjs.org/@next/swc-linux-arm64-musl/-/swc-linux-arm64-musl-13.3.5-canary.6.tgz",
      "integrity": "sha512-d3HebZSfEtt92MVlakp/GHmauQBVi3ta/Y4vrmMvaPmNnKOQkflUmjA7Jfkn74foA0EO58rD6uurDJWuWWSA9A==",
      "optional": true
    },
    "@next/swc-linux-x64-gnu": {
      "version": "13.3.5-canary.6",
      "resolved": "https://registry.npmjs.org/@next/swc-linux-x64-gnu/-/swc-linux-x64-gnu-13.3.5-canary.6.tgz",
      "integrity": "sha512-K7XTWUZ8PzUytk82wevbaeBmQzsACqC2+0zuBvxlINsXiIBQDCHrYVSZNbrcTWIExo/2pQvIWuKQ/oQ2O4YM9w==",
      "optional": true
    },
    "@next/swc-linux-x64-musl": {
      "version": "13.3.5-canary.6",
      "resolved": "https://registry.npmjs.org/@next/swc-linux-x64-musl/-/swc-linux-x64-musl-13.3.5-canary.6.tgz",
      "integrity": "sha512-1hDyMnycSjZafv/rTgqbwqenzk/xvJu927UInCX4HX0NzGsWAcEru48DCZNtwNQ+oQhOWIQ0K1UggUtXcwaGCQ==",
      "optional": true
    },
    "@next/swc-win32-arm64-msvc": {
      "version": "13.3.5-canary.6",
      "resolved": "https://registry.npmjs.org/@next/swc-win32-arm64-msvc/-/swc-win32-arm64-msvc-13.3.5-canary.6.tgz",
      "integrity": "sha512-JgZkeFk+b1MHZdRMv0hmiqFyo7Aa7WsL2vplp3U1ed4dj5/WJIMowh4ayEDSv3QLGUQl+nDdT7TEoqJSnV6d1g==",
      "optional": true
    },
    "@next/swc-win32-ia32-msvc": {
      "version": "13.3.5-canary.6",
      "resolved": "https://registry.npmjs.org/@next/swc-win32-ia32-msvc/-/swc-win32-ia32-msvc-13.3.5-canary.6.tgz",
      "integrity": "sha512-s3crlIiXTlYYArINXlzBPHzxEPKg2Is5tfZAecNqlMSzzvbCMk5TWkTOWaFAE34HrSW8BFQK7kyHtWduYvvmtA==",
      "optional": true
    },
    "@next/swc-win32-x64-msvc": {
      "version": "13.3.5-canary.6",
      "resolved": "https://registry.npmjs.org/@next/swc-win32-x64-msvc/-/swc-win32-x64-msvc-13.3.5-canary.6.tgz",
      "integrity": "sha512-d3DM2zma8apQOvf7ubmNv7pZJJD30Htm1FeGZJA9ozs8FmboTgoK7PWB/E4erL/y2bIkTxJkrRXy0rl80q+0jA==",
      "optional": true
    },
    "@swc/helpers": {
      "version": "0.5.1",
      "requires": {
        "tslib": "^2.4.0"
      }
    },
    "@types/node": {
      "version": "18.16.2"
    },
    "@types/prop-types": {
      "version": "15.7.5"
    },
    "@types/react": {
      "version": "18.2.0",
      "requires": {
        "@types/prop-types": "*",
        "@types/scheduler": "*",
        "csstype": "^3.0.2"
      }
    },
    "@types/scheduler": {
      "version": "0.16.3"
    },
    "busboy": {
      "version": "1.6.0",
      "requires": {
        "streamsearch": "^1.1.0"
      }
    },
    "caniuse-lite": {
      "version": "1.0.30001481"
    },
    "client-only": {
      "version": "0.0.1"
    },
    "csstype": {
      "version": "3.1.2"
    },
    "js-tokens": {
      "version": "4.0.0"
    },
    "loose-envify": {
      "version": "1.4.0",
      "requires": {
        "js-tokens": "^3.0.0 || ^4.0.0"
      }
    },
    "ms": {
      "version": "3.0.0-canary.1"
    },
    "nanoid": {
      "version": "3.3.6"
    },
    "next": {
      "version": "13.3.5-canary.6",
      "resolved": "https://registry.npmjs.org/next/-/next-13.3.5-canary.6.tgz",
      "integrity": "sha512-WLtxMtgqvjsZyaewUlXnosHdY5SNgKPa4abxlfe+VRpgBgdu8dMGaQjphlfX4JmeEsfqUyYga+UVYsROQSZghg==",
      "requires": {
        "@next/env": "13.3.5-canary.6",
        "@next/swc-darwin-arm64": "13.3.5-canary.6",
        "@next/swc-darwin-x64": "13.3.5-canary.6",
        "@next/swc-linux-arm64-gnu": "13.3.5-canary.6",
        "@next/swc-linux-arm64-musl": "13.3.5-canary.6",
        "@next/swc-linux-x64-gnu": "13.3.5-canary.6",
        "@next/swc-linux-x64-musl": "13.3.5-canary.6",
        "@next/swc-win32-arm64-msvc": "13.3.5-canary.6",
        "@next/swc-win32-ia32-msvc": "13.3.5-canary.6",
        "@next/swc-win32-x64-msvc": "13.3.5-canary.6",
        "@swc/helpers": "0.5.1",
        "busboy": "1.6.0",
        "caniuse-lite": "^1.0.30001406",
        "postcss": "8.4.14",
        "styled-jsx": "5.1.1"
      }
    },
    "picocolors": {
      "version": "1.0.0"
    },
    "postcss": {
      "version": "8.4.14",
      "requires": {
        "nanoid": "^3.3.4",
        "picocolors": "^1.0.0",
        "source-map-js": "^1.0.2"
      }
    },
    "react": {
      "version": "18.2.0",
      "requires": {
        "loose-envify": "^1.1.0"
      }
    },
    "react-dom": {
      "version": "18.2.0",
      "requires": {
        "loose-envify": "^1.1.0",
        "scheduler": "^0.23.0"
      }
    },
    "scheduler": {
      "version": "0.23.0",
      "requires": {
        "loose-envify": "^1.1.0"
      }
    },
    "server-only": {
      "version": "0.0.1",
      "resolved": "https://registry.npmjs.org/server-only/-/server-only-0.0.1.tgz",
      "integrity": "sha512-qepMx2JxAa5jjfzxG79yPPq+8BuFToHd1hm7kI+Z4zAq1ftQiP7HcxMhDDItrbtwVeLg/cY2JnKnrcFkmiswNA=="
    },
    "source-map-js": {
      "version": "1.0.2"
    },
    "streamsearch": {
      "version": "1.1.0"
    },
    "styled-jsx": {
      "version": "5.1.1",
      "requires": {
        "client-only": "0.0.1"
      }
    },
    "tslib": {
      "version": "2.5.0"
    },
    "typescript": {
      "version": "5.0.4"
    }
  }
}
