lockfileVersion: 5.4

specifiers:
  ms: 2.1.3
  next: ^13.1.0
  react: ^18.3.0-next
  react-dom: ^18.3.0-next

dependencies:
  ms: 2.1.3
  next: 13.1.0_zqregvc5b5zp3p4caivl4eqniq
  react: 18.3.0-next-5fcf1a4b4-20221221
  react-dom: 18.3.0-next-5fcf1a4b4-20221221_djgvdp5ul6h7czq567rw76bfri

packages:

  /@next/env/13.1.0:
    resolution: {integrity: sha512-6iNixFzCndH+Bl4FetQzOMjxCJqg8fs0LAlZviig1K6mIjOWH2m2oPcHcOg1Ta5VCe7Bx5KG1Hs+NrWDUkBt9A==}
    dev: false

  /@next/swc-android-arm-eabi/13.1.0:
    resolution: {integrity: sha512-ANBZZRjZBV+Sii11ZVxbxSvfIi6dZwu4w+XnJBDmz+0/wtAigpjYWyMkuWZ/RCD7INdusOlU4EgJ99WzWGIDjA==}
    engines: {node: '>= 10'}
    cpu: [arm]
    os: [android]
    requiresBuild: true
    dev: false
    optional: true

  /@next/swc-android-arm64/13.1.0:
    resolution: {integrity: sha512-nPwbkS3aZjCIe61wztgjXjIeylijOP8uGtDGjjJVUF3B/5GLVx3ngZu6tjPTMEgaLM0u//HuGK+aZolWUQWE4g==}
    engines: {node: '>= 10'}
    cpu: [arm64]
    os: [android]
    requiresBuild: true
    dev: false
    optional: true

  /@next/swc-darwin-arm64/13.1.0:
    resolution: {integrity: sha512-0hUydiAW18jK2uGPnZRdnRQtdB/3ZoPo84A6zH7MJHxAWw9lzVsv3kMg9kgVBBlrivzqdNN8rdgA+eYNxzXU9w==}
    engines: {node: '>= 10'}
    cpu: [arm64]
    os: [darwin]
    requiresBuild: true
    dev: false
    optional: true

  /@next/swc-darwin-x64/13.1.0:
    resolution: {integrity: sha512-3S3iQqJIysklj0Q9gnanuYMzF8H9p+fUVhvSHxVVLcKH4HsE8EGddNkXsaOyznL1kC6vGKw7h6uz1ojaXEafCA==}
    engines: {node: '>= 10'}
    cpu: [x64]
    os: [darwin]
    requiresBuild: true
    dev: false
    optional: true

  /@next/swc-freebsd-x64/13.1.0:
    resolution: {integrity: sha512-wAgzwm/em48GIuWq3OYr0BpncMy7c+UA3hsyX+xKh/vb/sOIpQly7JTa+GNdk17s7kprhMfsgzPG3da36NLpkA==}
    engines: {node: '>= 10'}
    cpu: [x64]
    os: [freebsd]
    requiresBuild: true
    dev: false
    optional: true

  /@next/swc-linux-arm-gnueabihf/13.1.0:
    resolution: {integrity: sha512-Cr2hzL7ad+4nj9KrR1Cz1RDcsWa61X6I7gc6PToRYIY4gL480Sijq19xo7dlXQPnr1viVzbNiNnNXZASHv7uvw==}
    engines: {node: '>= 10'}
    cpu: [arm]
    os: [linux]
    requiresBuild: true
    dev: false
    optional: true

  /@next/swc-linux-arm64-gnu/13.1.0:
    resolution: {integrity: sha512-EjCIKfeZB9h72evL2yGNwBvE5Im96Zn7o2zxImlvCiUYb/xXDqn4hzhck035BSP3g3sGDLfijFTE1wKRyXIk4w==}
    engines: {node: '>= 10'}
    cpu: [arm64]
    os: [linux]
    requiresBuild: true
    dev: false
    optional: true

  /@next/swc-linux-arm64-musl/13.1.0:
    resolution: {integrity: sha512-WAsZtCtPXlz/7/bnW9ryw856xEun+c6xSwZwbcvrMxtcSiW3z0LD91Nsj3AkexsjRtBjeEpNeVtDExqF2VKKSA==}
    engines: {node: '>= 10'}
    cpu: [arm64]
    os: [linux]
    requiresBuild: true
    dev: false
    optional: true

  /@next/swc-linux-x64-gnu/13.1.0:
    resolution: {integrity: sha512-Tjd5gieI3X9vPce5yF+GsQxOl0jwUkyOrTR1g5PQr+bT/9Qos/yPL48H1L5ayEp0hxgLVPW7skGal7lVnAoVEQ==}
    engines: {node: '>= 10'}
    cpu: [x64]
    os: [linux]
    requiresBuild: true
    dev: false
    optional: true

  /@next/swc-linux-x64-musl/13.1.0:
    resolution: {integrity: sha512-H9UMEQv40e9pkgdX4mCms0dDf2dimmZ6WXhDTWF/yIh9icgcsHaP73BJ9IFlgvh80wLiUgWZ3LAX4vXnXzidmg==}
    engines: {node: '>= 10'}
    cpu: [x64]
    os: [linux]
    requiresBuild: true
    dev: false
    optional: true

  /@next/swc-win32-arm64-msvc/13.1.0:
    resolution: {integrity: sha512-LFFIKjW/cPl4wvG8HF/6oYPJZ+Jy32G3FUflC8UW1Od6W9yOSEvadhk9fMyDZN4cgsNOcVc3uVSMpcuuCpbDGw==}
    engines: {node: '>= 10'}
    cpu: [arm64]
    os: [win32]
    requiresBuild: true
    dev: false
    optional: true

  /@next/swc-win32-ia32-msvc/13.1.0:
    resolution: {integrity: sha512-MBLaoHZSenMdxhB3Ww1VNEhjyPT3uLjzAi5Ygk48LLLbOGu5KxQolhINRrqGuJWqJRNWSJ9JSFBfJrZwQzrUew==}
    engines: {node: '>= 10'}
    cpu: [ia32]
    os: [win32]
    requiresBuild: true
    dev: false
    optional: true

  /@next/swc-win32-x64-msvc/13.1.0:
    resolution: {integrity: sha512-fFTfIQvnmpbKoyh4v3ezlGqtERlgc2Sx8qJwPuYqoVi0V08wCx9wp2Iq1CINxP3UMHkEeNX7gYpDOd+9Cw9EiQ==}
    engines: {node: '>= 10'}
    cpu: [x64]
    os: [win32]
    requiresBuild: true
    dev: false
    optional: true

  /@swc/helpers/0.4.14:
    resolution: {integrity: sha512-4C7nX/dvpzB7za4Ql9K81xK3HPxCpHMgwTZVyf+9JQ6VUbn9jjZVN7/Nkdz/Ugzs2CSjqnL/UPXroiVBVHUWUw==}
    dependencies:
      tslib: 2.4.1
    dev: false

  /caniuse-lite/1.0.30001441:
    resolution: {integrity: sha512-OyxRR4Vof59I3yGWXws6i908EtGbMzVUi3ganaZQHmydk1iwDhRnvaPG2WaR0KcqrDFKrxVZHULT396LEPhXfg==}
    dev: false

  /client-only/0.0.1:
    resolution: {integrity: sha512-IV3Ou0jSMzZrd3pZ48nLkT9DA7Ag1pnPzaiQhpW7c3RbcqqzvzzVu+L8gfqMp/8IM2MQtSiqaCxrrcfu8I8rMA==}
    dev: false

  /js-tokens/4.0.0:
    resolution: {integrity: sha512-RdJUflcE3cUzKiMqQgsCu06FPu9UdIJO0beYbPhHN4k6apgJtifcoCtT9bcxOpYBtpD2kCM6Sbzg4CausW/PKQ==}
    dev: false

  /loose-envify/1.4.0:
    resolution: {integrity: sha512-lyuxPGr/Wfhrlem2CL/UcnUc1zcqKAImBDzukY7Y5F/yQiNdko6+fRLevlw1HgMySw7f611UIY408EtxRSoK3Q==}
    hasBin: true
    dependencies:
      js-tokens: 4.0.0
    dev: false

  /ms/2.1.3:
    resolution: {integrity: sha512-6FlzubTLZG3J2a/NVCAleEhjzq5oxgHyaCU9yYXvcLsvoVaHJq/s5xXI6/XXP6tz7R9xAOtHnSO/tXtF3WRTlA==}
    dev: false

  /nanoid/3.3.4:
    resolution: {integrity: sha512-MqBkQh/OHTS2egovRtLk45wEyNXwF+cokD+1YPf9u5VfJiRdAiRwB2froX5Co9Rh20xs4siNPm8naNotSD6RBw==}
    engines: {node: ^10 || ^12 || ^13.7 || ^14 || >=15.0.1}
    hasBin: true
    dev: false

  /next/13.1.0_zqregvc5b5zp3p4caivl4eqniq:
    resolution: {integrity: sha512-lQMZH1V94L5IL/WaihQkTYabSY73aqgrkGPJB5uz+2O3ES4I3losV/maXLY7l7x5e+oNyE9N81upNQ8uRsR5/A==}
    engines: {node: '>=14.6.0'}
    hasBin: true
    peerDependencies:
      fibers: '>= 3.1.0'
      node-sass: ^6.0.0 || ^7.0.0
      react: ^18.2.0
      react-dom: ^18.2.0
      sass: ^1.3.0
    peerDependenciesMeta:
      fibers:
        optional: true
      node-sass:
        optional: true
      sass:
        optional: true
    dependencies:
      '@next/env': 13.1.0
      '@swc/helpers': 0.4.14
      caniuse-lite: 1.0.30001441
      postcss: 8.4.14
      react: 18.3.0-next-5fcf1a4b4-20221221
      react-dom: 18.3.0-next-5fcf1a4b4-20221221_djgvdp5ul6h7czq567rw76bfri
      styled-jsx: 5.1.1_djgvdp5ul6h7czq567rw76bfri
    optionalDependencies:
      '@next/swc-android-arm-eabi': 13.1.0
      '@next/swc-android-arm64': 13.1.0
      '@next/swc-darwin-arm64': 13.1.0
      '@next/swc-darwin-x64': 13.1.0
      '@next/swc-freebsd-x64': 13.1.0
      '@next/swc-linux-arm-gnueabihf': 13.1.0
      '@next/swc-linux-arm64-gnu': 13.1.0
      '@next/swc-linux-arm64-musl': 13.1.0
      '@next/swc-linux-x64-gnu': 13.1.0
      '@next/swc-linux-x64-musl': 13.1.0
      '@next/swc-win32-arm64-msvc': 13.1.0
      '@next/swc-win32-ia32-msvc': 13.1.0
      '@next/swc-win32-x64-msvc': 13.1.0
    transitivePeerDependencies:
      - '@babel/core'
      - babel-plugin-macros
    dev: false

  /picocolors/1.0.0:
    resolution: {integrity: sha512-1fygroTLlHu66zi26VoTDv8yRgm0Fccecssto+MhsZ0D/DGW2sm8E8AjW7NU5VVTRt5GxbeZ5qBuJr+HyLYkjQ==}
    dev: false

  /postcss/8.4.14:
    resolution: {integrity: sha512-E398TUmfAYFPBSdzgeieK2Y1+1cpdxJx8yXbK/m57nRhKSmk1GB2tO4lbLBtlkfPQTDKfe4Xqv1ASWPpayPEig==}
    engines: {node: ^10 || ^12 || >=14}
    dependencies:
      nanoid: 3.3.4
      picocolors: 1.0.0
      source-map-js: 1.0.2
    dev: false

  /react-dom/18.3.0-next-5fcf1a4b4-20221221_djgvdp5ul6h7czq567rw76bfri:
    resolution: {integrity: sha512-IHSe89uJ0ff2yTnLXO6k/hhUIHpF2kZR/kKEIgXd4a3hicL6Uozd6w9WXZUZj/C1yTbE5q1WoukJPt+2Q6VSOA==}
    peerDependencies:
      react: 18.3.0-next-5fcf1a4b4-20221221
    dependencies:
      loose-envify: 1.4.0
      react: 18.3.0-next-5fcf1a4b4-20221221
      scheduler: 0.24.0-next-5fcf1a4b4-20221221
    dev: false

  /react/18.3.0-next-5fcf1a4b4-20221221:
    resolution: {integrity: sha512-uKtVVRTRMx5tVRnx/vxZlzrjfKwjWEmBPY3vxi/tVDGIDJRO1ewNZPKJqsl4ECGk9aaTGiPxc3HpKOkqXadhiw==}
    engines: {node: '>=0.10.0'}
    dependencies:
      loose-envify: 1.4.0
    dev: false

  /scheduler/0.24.0-next-5fcf1a4b4-20221221:
    resolution: {integrity: sha512-T5aoaBiswyQLpjlXuY6FNbhcCB6XdZoLJ5Y3kRXhlfRYU2r+omaHCnDxYU6y1lCfr7a/ZK3ABxVUs+nTpb20Jg==}
    dependencies:
      loose-envify: 1.4.0
    dev: false

  /source-map-js/1.0.2:
    resolution: {integrity: sha512-R0XvVJ9WusLiqTCEiGCmICCMplcCkIwwR11mOSD9CR5u+IXYdiseeEuXCVAjS54zqwkLcPNnmU4OeJ6tUrWhDw==}
    engines: {node: '>=0.10.0'}
    dev: false

  /styled-jsx/5.1.1_djgvdp5ul6h7czq567rw76bfri:
    resolution: {integrity: sha512-pW7uC1l4mBZ8ugbiZrcIsiIvVx1UmTfw7UkC3Um2tmfUq9Bhk8IiyEIPl6F8agHgjzku6j0xQEZbfA5uSgSaCw==}
    engines: {node: '>= 12.0.0'}
    peerDependencies:
      '@babel/core': '*'
      babel-plugin-macros: '*'
      react: '>= 16.8.0 || 17.x.x || ^18.0.0-0'
    peerDependenciesMeta:
      '@babel/core':
        optional: true
      babel-plugin-macros:
        optional: true
    dependencies:
      client-only: 0.0.1
      react: 18.3.0-next-5fcf1a4b4-20221221
    dev: false

  /tslib/2.4.1:
    resolution: {integrity: sha512-tGyy4dAjRIEwI7BzsB0lynWgOpfqjUdq91XXAlIWD2OwKBH7oCl/GZG/HT4BOHrTlPMOASlMQ7veyTqpmRcrNA==}
    dev: false
