# THIS IS AN AUTOGENERATED FILE. DO NOT EDIT THIS FILE DIRECTLY.
# yarn lockfile v1


"@next/env@12.1.6-canary.2":
  version "12.1.6-canary.2"
  resolved "https://registry.yarnpkg.com/@next/env/-/env-12.1.6-canary.2.tgz#2cc8f597635fc6e60f9701bcd08676bec85e982d"
  integrity sha512-8Ocp8kz0o7yAF5t37+7Ak7b/yY+qot09izZEa0vXxFVgRviwrpgxcay75Z2MfaXCQHCQG2MNKTWgPeWOsXk6Yw==

"@next/swc-android-arm-eabi@12.1.6-canary.2":
  version "12.1.6-canary.2"
  resolved "https://registry.yarnpkg.com/@next/swc-android-arm-eabi/-/swc-android-arm-eabi-12.1.6-canary.2.tgz#c2a7fd655047e4513388acda360d625354a8a891"
  integrity sha512-NZmXDpQyV2Aj3IlX4fWvhZLlL+VBnLEnjzL0I+Vxuq3MaiBgDrSIUJPaQjfq03VpSiKirRX3bAYkYGRSxk8x9w==

"@next/swc-android-arm64@12.1.6-canary.2":
  version "12.1.6-canary.2"
  resolved "https://registry.yarnpkg.com/@next/swc-android-arm64/-/swc-android-arm64-12.1.6-canary.2.tgz#3188e6a5491f90231414b173e6803f8f65c6b9dd"
  integrity sha512-SxXB9k8mFwIMYlLhnqpkJRFjDhjf3c19Q+2uk9PNTP6EZgIvMAjuvYEDbxixYe77ZXJ5r0wJFosUO6FxnJQXVQ==

"@next/swc-darwin-arm64@12.1.6-canary.2":
  version "12.1.6-canary.2"
  resolved "https://registry.yarnpkg.com/@next/swc-darwin-arm64/-/swc-darwin-arm64-12.1.6-canary.2.tgz#9ec128b1cb8cb5987f9beb6d1176ce545481b3c0"
  integrity sha512-R3Zph7ynw2+Qh23YEN8JhFUyzebNVCKX2CEJHMOFHQu6U4kx2KD3CKl2tkS2khtf+cCMPWcB6q/c8n6ujuhlOA==

"@next/swc-darwin-x64@12.1.6-canary.2":
  version "12.1.6-canary.2"
  resolved "https://registry.yarnpkg.com/@next/swc-darwin-x64/-/swc-darwin-x64-12.1.6-canary.2.tgz#6c46f338c741ea634656125ceb7cf3ed276300cf"
  integrity sha512-Wpm4bSsrB5KdZbNKssU5ceANGJnd7VA9T+IuwJaPqgpKstHQb5ARZV64OqmqQK2qosDAhkYaIMjFF1E/96EIyw==

"@next/swc-linux-arm-gnueabihf@12.1.6-canary.2":
  version "12.1.6-canary.2"
  resolved "https://registry.yarnpkg.com/@next/swc-linux-arm-gnueabihf/-/swc-linux-arm-gnueabihf-12.1.6-canary.2.tgz#650c22d33101540c3ce275ad3e9f8d78236f90a9"
  integrity sha512-MvDiptVkeWZoE4wHN9N+V4UqUcUPUDyGhzSqauvGL7mE51QMhWToRZtxHio4pvgyZnCpFfef3MgmeLfdYeKeeg==

"@next/swc-linux-arm64-gnu@12.1.6-canary.2":
  version "12.1.6-canary.2"
  resolved "https://registry.yarnpkg.com/@next/swc-linux-arm64-gnu/-/swc-linux-arm64-gnu-12.1.6-canary.2.tgz#60107fba8a81692458625139dc7603ffdc21f8bc"
  integrity sha512-WpweUGfiqSwVAYBbaomxOIaMvJmebuAhikqxe5flJrYJ430Hs+iHZMWrmB43/Bli8HNo7iJyKCjvrbpa10gB2g==

"@next/swc-linux-arm64-musl@12.1.6-canary.2":
  version "12.1.6-canary.2"
  resolved "https://registry.yarnpkg.com/@next/swc-linux-arm64-musl/-/swc-linux-arm64-musl-12.1.6-canary.2.tgz#fc03f2e9ab42ab4c37d796ab32275aeb9d4dda8e"
  integrity sha512-YVvR5rizxMk94pn46AXLcOsiAzxFzMkaykfDpv1vj2g+FmCY40QLQ+yoYr7xfHqvP7tuqKsqv2dcusTCE+H5dA==

"@next/swc-linux-x64-gnu@12.1.6-canary.2":
  version "12.1.6-canary.2"
  resolved "https://registry.yarnpkg.com/@next/swc-linux-x64-gnu/-/swc-linux-x64-gnu-12.1.6-canary.2.tgz#32272d01bf596fc9d84abfeddd2830f40b108265"
  integrity sha512-bYJpGRcvKFU7kmAGSRoXqj3gZPRyFLEDUNLHfkguIRsiYvANIsik2LQjN4gwYvvIREn7wk4d81jNDzo7f9lrZw==

"@next/swc-linux-x64-musl@12.1.6-canary.2":
  version "12.1.6-canary.2"
  resolved "https://registry.yarnpkg.com/@next/swc-linux-x64-musl/-/swc-linux-x64-musl-12.1.6-canary.2.tgz#7665d3819a19a85ff300a18813ba1af4cd693f2c"
  integrity sha512-MpSrKLxWqTH2SErrwlaIzrmVZMDwWyewi87MSCSkUghoh6Ev6MXsVn2fIcyhEPrH5Mr2iSP3wJjfdHxxOYzVxg==

"@next/swc-win32-arm64-msvc@12.1.6-canary.2":
  version "12.1.6-canary.2"
  resolved "https://registry.yarnpkg.com/@next/swc-win32-arm64-msvc/-/swc-win32-arm64-msvc-12.1.6-canary.2.tgz#193047326133411f02457750b99af6d2e5c58339"
  integrity sha512-9f3q8ia7evodqSL+/Xba1qHmbdPzSabOpKObiynktx39TaEiUgwfDfyvPjaZ8+JtY798sQsOei8SOCdafOZU7w==

"@next/swc-win32-ia32-msvc@12.1.6-canary.2":
  version "12.1.6-canary.2"
  resolved "https://registry.yarnpkg.com/@next/swc-win32-ia32-msvc/-/swc-win32-ia32-msvc-12.1.6-canary.2.tgz#181b75a588215f4b1f5a04c217655718d8402e03"
  integrity sha512-VijB329xAfGI9Fh7iHIerJH8/SBWbQVTXOuby1g31xBB3xjOwZuagkLXlzaBV0HjxCkEnMwDMacWXJbsimLJOg==

"@next/swc-win32-x64-msvc@12.1.6-canary.2":
  version "12.1.6-canary.2"
  resolved "https://registry.yarnpkg.com/@next/swc-win32-x64-msvc/-/swc-win32-x64-msvc-12.1.6-canary.2.tgz#4066e41a42c8534e59efed0c5fc0c8ce17987e99"
  integrity sha512-OVbDRg8YTUyKPpshZR1/hYEOpkKm/raBQAPTGzlCbV9NleXXs6NQvkhBRy/FSu4cdSivQAmX6JX0Wr2Jvs3LNw==

caniuse-lite@^1.0.30001283:
  version "1.0.30001316"
  resolved "https://registry.yarnpkg.com/caniuse-lite/-/caniuse-lite-1.0.30001316.tgz#b44a1f419f82d2e119aa0bbdab5ec15471796358"
  integrity sha512-JgUdNoZKxPZFzbzJwy4hDSyGuH/gXz2rN51QmoR8cBQsVo58llD3A0vlRKKRt8FGf5u69P9eQyIH8/z9vN/S0Q==

"js-tokens@^3.0.0 || ^4.0.0":
  version "4.0.0"
  resolved "https://registry.yarnpkg.com/js-tokens/-/js-tokens-4.0.0.tgz#19203fb59991df98e3a287050d4647cdeaf32499"
  integrity sha512-RdJUflcE3cUzKiMqQgsCu06FPu9UdIJO0beYbPhHN4k6apgJtifcoCtT9bcxOpYBtpD2kCM6Sbzg4CausW/PKQ==

loose-envify@^1.1.0:
  version "1.4.0"
  resolved "https://registry.yarnpkg.com/loose-envify/-/loose-envify-1.4.0.tgz#71ee51fa7be4caec1a63839f7e682d8132d30caf"
  integrity sha512-lyuxPGr/Wfhrlem2CL/UcnUc1zcqKAImBDzukY7Y5F/yQiNdko6+fRLevlw1HgMySw7f611UIY408EtxRSoK3Q==
  dependencies:
    js-tokens "^3.0.0 || ^4.0.0"

ms@2.1.3:
  version "2.1.3"
  resolved "https://registry.yarnpkg.com/ms/-/ms-2.1.3.tgz#574c8138ce1d2b5861f0b44579dbadd60c6615b2"
  integrity sha512-6FlzubTLZG3J2a/NVCAleEhjzq5oxgHyaCU9yYXvcLsvoVaHJq/s5xXI6/XXP6tz7R9xAOtHnSO/tXtF3WRTlA==

nanoid@^3.1.30:
  version "3.3.1"
  resolved "https://registry.yarnpkg.com/nanoid/-/nanoid-3.3.1.tgz#6347a18cac88af88f58af0b3594b723d5e99bb35"
  integrity sha512-n6Vs/3KGyxPQd6uO0eH4Bv0ojGSUvuLlIHtC3Y0kEO23YRge8H9x1GCzLn28YX0H66pMkxuaeESFq4tKISKwdw==

next@12.1.6-canary.2:
  version "12.1.6-canary.2"
  resolved "https://registry.yarnpkg.com/next/-/next-12.1.6-canary.2.tgz#b783c8805cfeda5f1686147c674447a94940ffae"
  integrity sha512-zlW8wu8Hl1xKfYhQId4vvQrPwktaUk6ccnfMrLubnbdX+jF6HbBY/vgFrflW0J+rvwDlBWfyvmZ8N6IRW0zIWQ==
  dependencies:
    "@next/env" "12.1.6-canary.2"
    caniuse-lite "^1.0.30001283"
    postcss "8.4.5"
    styled-jsx "5.0.1"
  optionalDependencies:
    "@next/swc-android-arm-eabi" "12.1.6-canary.2"
    "@next/swc-android-arm64" "12.1.6-canary.2"
    "@next/swc-darwin-arm64" "12.1.6-canary.2"
    "@next/swc-darwin-x64" "12.1.6-canary.2"
    "@next/swc-linux-arm-gnueabihf" "12.1.6-canary.2"
    "@next/swc-linux-arm64-gnu" "12.1.6-canary.2"
    "@next/swc-linux-arm64-musl" "12.1.6-canary.2"
    "@next/swc-linux-x64-gnu" "12.1.6-canary.2"
    "@next/swc-linux-x64-musl" "12.1.6-canary.2"
    "@next/swc-win32-arm64-msvc" "12.1.6-canary.2"
    "@next/swc-win32-ia32-msvc" "12.1.6-canary.2"
    "@next/swc-win32-x64-msvc" "12.1.6-canary.2"

picocolors@^1.0.0:
  version "1.0.0"
  resolved "https://registry.yarnpkg.com/picocolors/-/picocolors-1.0.0.tgz#cb5bdc74ff3f51892236eaf79d68bc44564ab81c"
  integrity sha512-1fygroTLlHu66zi26VoTDv8yRgm0Fccecssto+MhsZ0D/DGW2sm8E8AjW7NU5VVTRt5GxbeZ5qBuJr+HyLYkjQ==

postcss@8.4.5:
  version "8.4.5"
  resolved "https://registry.yarnpkg.com/postcss/-/postcss-8.4.5.tgz#bae665764dfd4c6fcc24dc0fdf7e7aa00cc77f95"
  integrity sha512-jBDboWM8qpaqwkMwItqTQTiFikhs/67OYVvblFFTM7MrZjt6yMKd6r2kgXizEbTTljacm4NldIlZnhbjr84QYg==
  dependencies:
    nanoid "^3.1.30"
    picocolors "^1.0.0"
    source-map-js "^1.0.1"

react-dom@~18.0.0:
  version "18.0.0"
  resolved "https://registry.yarnpkg.com/react-dom/-/react-dom-18.0.0.tgz#26b88534f8f1dbb80853e1eabe752f24100d8023"
  integrity sha512-XqX7uzmFo0pUceWFCt7Gff6IyIMzFUn7QMZrbrQfGxtaxXZIcGQzoNpRLE3fQLnS4XzLLPMZX2T9TRcSrasicw==
  dependencies:
    loose-envify "^1.1.0"
    scheduler "^0.21.0"

react@~18.0.0:
  version "18.0.0"
  resolved "https://registry.yarnpkg.com/react/-/react-18.0.0.tgz#b468736d1f4a5891f38585ba8e8fb29f91c3cb96"
  integrity sha512-x+VL6wbT4JRVPm7EGxXhZ8w8LTROaxPXOqhlGyVSrv0sB1jkyFGgXxJ8LVoPRLvPR6/CIZGFmfzqUa2NYeMr2A==
  dependencies:
    loose-envify "^1.1.0"

scheduler@^0.21.0:
  version "0.21.0"
  resolved "https://registry.yarnpkg.com/scheduler/-/scheduler-0.21.0.tgz#6fd2532ff5a6d877b6edb12f00d8ab7e8f308820"
  integrity sha512-1r87x5fz9MXqswA2ERLo0EbOAU74DpIUO090gIasYTqlVoJeMcl+Z1Rg7WHz+qtPujhS/hGIt9kxZOYBV3faRQ==
  dependencies:
    loose-envify "^1.1.0"

source-map-js@^1.0.1:
  version "1.0.2"
  resolved "https://registry.yarnpkg.com/source-map-js/-/source-map-js-1.0.2.tgz#adbc361d9c62df380125e7f161f71c826f1e490c"
  integrity sha512-R0XvVJ9WusLiqTCEiGCmICCMplcCkIwwR11mOSD9CR5u+IXYdiseeEuXCVAjS54zqwkLcPNnmU4OeJ6tUrWhDw==

styled-jsx@5.0.1:
  version "5.0.1"
  resolved "https://registry.yarnpkg.com/styled-jsx/-/styled-jsx-5.0.1.tgz#78fecbbad2bf95ce6cd981a08918ce4696f5fc80"
  integrity sha512-+PIZ/6Uk40mphiQJJI1202b+/dYeTVd9ZnMPR80pgiWbjIwvN2zIp4r9et0BgqBuShh48I0gttPlAXA7WVvBxw==
