# THIS IS AN AUTOGENERATED FILE. DO NOT EDIT THIS FILE DIRECTLY.
# yarn lockfile v1


"@next/env@12.2.1":
  version "12.2.1"
  resolved "https://registry.yarnpkg.com/@next/env/-/env-12.2.1.tgz#083cc88469931fc3dc32bb633623321c29971a09"
  integrity sha512-lz3TJKIvbdGRUsUr/+h3vy7XvBNGTGzHwhurk5AtqrABj4Zyo70xbshcI7YQTNUK4x9OA/E+SOcXvVx0DHmFRw==

"@next/swc-android-arm-eabi@12.2.1":
  version "12.2.1"
  resolved "https://registry.yarnpkg.com/@next/swc-android-arm-eabi/-/swc-android-arm-eabi-12.2.1.tgz#26a4363bd3857b934e7ad63aa1647d83b380ce1f"
  integrity sha512-Gk7fvo1McA9gues9hixoeoxKnvvUusW0P+fya4ZAU3us+bQm1EqSoDrnOrUsdsgwIPQ3HobOJPY5C3xvKOl/tA==

"@next/swc-android-arm64@12.2.1":
  version "12.2.1"
  resolved "https://registry.yarnpkg.com/@next/swc-android-arm64/-/swc-android-arm64-12.2.1.tgz#28c7e964208e80d4b3ff791f323fbe425eae26fe"
  integrity sha512-J+QwWRm2+bOtacZFahoplX3dCYGDpou86VjfcE+M5/E0UCtBmZ6JvItyV4scK8wSKHQQUWq8DmOEm/C0lhsSRQ==

"@next/swc-darwin-arm64@12.2.1":
  version "12.2.1"
  resolved "https://registry.yarnpkg.com/@next/swc-darwin-arm64/-/swc-darwin-arm64-12.2.1.tgz#ae68b105956c985214219d4f676b2e57c882d5ae"
  integrity sha512-teSfpKHdHQER4FVVCdvS0fHff35Gh4LB2DZ2eNAateIluP2Gnl+tT881MeM4Knvl2Mvm3Z3vtSJNthVoveJnMA==

"@next/swc-darwin-x64@12.2.1":
  version "12.2.1"
  resolved "https://registry.yarnpkg.com/@next/swc-darwin-x64/-/swc-darwin-x64-12.2.1.tgz#27da7988d01847b642b8d5c274f14bd82439fbb0"
  integrity sha512-flA1H+9krrINtdWoXBzeESkdIV34OKX0+Lnqd90J1nsERTXntYy6CNOMxMtv1otAcnFy7EHYJQIL8URuu/2XXg==

"@next/swc-freebsd-x64@12.2.1":
  version "12.2.1"
  resolved "https://registry.yarnpkg.com/@next/swc-freebsd-x64/-/swc-freebsd-x64-12.2.1.tgz#0b4cd5c1707218cac86a7a58e116c74998da6286"
  integrity sha512-SkAjp7B7aBxAsRVMZGiAp/qMkh65PLzYuLBTsBSu+4fxFuKF7MAEgaIUhvC8zzD58A+Y9yrY/3813bhtrwkcuA==

"@next/swc-linux-arm-gnueabihf@12.2.1":
  version "12.2.1"
  resolved "https://registry.yarnpkg.com/@next/swc-linux-arm-gnueabihf/-/swc-linux-arm-gnueabihf-12.2.1.tgz#3b93a18f1264a88985bc3a01e0067aa1afe0ab72"
  integrity sha512-V7ov2LXrLWuYVH/syzrzpmwWumg5rCh0siwOPNCRzVkrpgP8WoIRNdeZ/NQIj0ng+kq7gDF1jib583Lk0wbDeQ==

"@next/swc-linux-arm64-gnu@12.2.1":
  version "12.2.1"
  resolved "https://registry.yarnpkg.com/@next/swc-linux-arm64-gnu/-/swc-linux-arm64-gnu-12.2.1.tgz#9887a772f96680afa440ac3e6f716fd20d7f4178"
  integrity sha512-HlnDQD3r4YqCj2gu6uo86oEM0ixBsyKLaPcZcGwWAD5mFG5R4zzTZG7BO2wJkGWmkzijHluE14dlTmfzc8jdEQ==

"@next/swc-linux-arm64-musl@12.2.1":
  version "12.2.1"
  resolved "https://registry.yarnpkg.com/@next/swc-linux-arm64-musl/-/swc-linux-arm64-musl-12.2.1.tgz#7ed5981b7afd3d9c4678ff36e1dd7f06a5f0c3d6"
  integrity sha512-P8AkWd4RHbuF24ol3jk2akXpntcDI0gv5uD7eMpAOXb8W2A6y/sv0tKNSGUV3efSutOyu23jNn2EiTNxHgU4NQ==

"@next/swc-linux-x64-gnu@12.2.1":
  version "12.2.1"
  resolved "https://registry.yarnpkg.com/@next/swc-linux-x64-gnu/-/swc-linux-x64-gnu-12.2.1.tgz#0bb3e5162b189cb4d88761ff1781896781c7bd65"
  integrity sha512-ZbsM+rIMqK6xi3lovspzPJoIPre3LglKrCXKLkln7rD0uiymzfLhS2VCj8u4qRynz22iAzuI4mJNpZa3AsJFrA==

"@next/swc-linux-x64-musl@12.2.1":
  version "12.2.1"
  resolved "https://registry.yarnpkg.com/@next/swc-linux-x64-musl/-/swc-linux-x64-musl-12.2.1.tgz#64e983e38a5e86bc613bfc46e0b92a1787ba5392"
  integrity sha512-JeATguMe37bviPwkIUjO7T3kcefMBQwJFLhkFTaJYGmPm12EsW1FtKcg87AI87xdGvfrHQKlM3phNaG/dkneTQ==

"@next/swc-win32-arm64-msvc@12.2.1":
  version "12.2.1"
  resolved "https://registry.yarnpkg.com/@next/swc-win32-arm64-msvc/-/swc-win32-arm64-msvc-12.2.1.tgz#2394b05230f0011a01010524e25d8f4ec71e27e1"
  integrity sha512-8dal/MdrVshDKYBtloJw/RhJx140KUoRRYoRfpJ9oAdP8UXBdR0haKfg5EdOy98t8Q76apArxPsK7DfwoR1f3w==

"@next/swc-win32-ia32-msvc@12.2.1":
  version "12.2.1"
  resolved "https://registry.yarnpkg.com/@next/swc-win32-ia32-msvc/-/swc-win32-ia32-msvc-12.2.1.tgz#90acd18e63e7620992ee3f7d3dec80ccc7120f9e"
  integrity sha512-uSAoOBpCp4oxVD9gTY1f27hr9xNLEOCglxZPH1+FonHpM5n9Sp4H01uQHWE/Y26iHmJeUJAWxtRxEYylnO4U9A==

"@next/swc-win32-x64-msvc@12.2.1":
  version "12.2.1"
  resolved "https://registry.yarnpkg.com/@next/swc-win32-x64-msvc/-/swc-win32-x64-msvc-12.2.1.tgz#f3b186c8f7278656c7690a64f362d0d5b1d738af"
  integrity sha512-gx4aLMAZAVjtShiCrUSszoxnzBWJWf09Lkey6mcc0jFZjbz4xkyDbp53V229DtOYTUL4t0IZJ0I7+ftQ5CYIjg==

"@swc/helpers@0.4.2":
  version "0.4.2"
  resolved "https://registry.yarnpkg.com/@swc/helpers/-/helpers-0.4.2.tgz#ed1f6997ffbc22396665d9ba74e2a5c0a2d782f8"
  integrity sha512-556Az0VX7WR6UdoTn4htt/l3zPQ7bsQWK+HqdG4swV7beUCxo/BqmvbOpUkTIm/9ih86LIf1qsUnywNL3obGHw==
  dependencies:
    tslib "^2.4.0"

caniuse-lite@^1.0.30001332:
  version "1.0.30001341"
  resolved "https://registry.yarnpkg.com/caniuse-lite/-/caniuse-lite-1.0.30001341.tgz#59590c8ffa8b5939cf4161f00827b8873ad72498"
  integrity sha512-2SodVrFFtvGENGCv0ChVJIDQ0KPaS1cg7/qtfMaICgeMolDdo/Z2OD32F0Aq9yl6F4YFwGPBS5AaPqNYiW4PoA==

"js-tokens@^3.0.0 || ^4.0.0":
  version "4.0.0"
  resolved "https://registry.yarnpkg.com/js-tokens/-/js-tokens-4.0.0.tgz#19203fb59991df98e3a287050d4647cdeaf32499"
  integrity sha512-RdJUflcE3cUzKiMqQgsCu06FPu9UdIJO0beYbPhHN4k6apgJtifcoCtT9bcxOpYBtpD2kCM6Sbzg4CausW/PKQ==

loose-envify@^1.1.0:
  version "1.4.0"
  resolved "https://registry.yarnpkg.com/loose-envify/-/loose-envify-1.4.0.tgz#71ee51fa7be4caec1a63839f7e682d8132d30caf"
  integrity sha512-lyuxPGr/Wfhrlem2CL/UcnUc1zcqKAImBDzukY7Y5F/yQiNdko6+fRLevlw1HgMySw7f611UIY408EtxRSoK3Q==
  dependencies:
    js-tokens "^3.0.0 || ^4.0.0"

ms@2.1.3:
  version "2.1.3"
  resolved "https://registry.yarnpkg.com/ms/-/ms-2.1.3.tgz#574c8138ce1d2b5861f0b44579dbadd60c6615b2"
  integrity sha512-6FlzubTLZG3J2a/NVCAleEhjzq5oxgHyaCU9yYXvcLsvoVaHJq/s5xXI6/XXP6tz7R9xAOtHnSO/tXtF3WRTlA==

nanoid@^3.1.30:
  version "3.3.1"
  resolved "https://registry.yarnpkg.com/nanoid/-/nanoid-3.3.1.tgz#6347a18cac88af88f58af0b3594b723d5e99bb35"
  integrity sha512-n6Vs/3KGyxPQd6uO0eH4Bv0ojGSUvuLlIHtC3Y0kEO23YRge8H9x1GCzLn28YX0H66pMkxuaeESFq4tKISKwdw==

next@12.2.1:
  version "12.2.1"
  resolved "https://registry.yarnpkg.com/next/-/next-12.2.1.tgz#b487dc598ef1373a1b1275d68531a7088fe5653d"
  integrity sha512-090KB5CZRlLG/GWxb8tA1ZFwqL8OfpUtH4mXA7POuisa6NL5ihiAZhfk5nRBdPHvkXuSt0n7zQaVym6SrT3Wiw==
  dependencies:
    "@next/env" "12.2.1"
    "@swc/helpers" "0.4.2"
    caniuse-lite "^1.0.30001332"
    postcss "8.4.5"
    styled-jsx "5.0.2"
    use-sync-external-store "1.1.0"
  optionalDependencies:
    "@next/swc-android-arm-eabi" "12.2.1"
    "@next/swc-android-arm64" "12.2.1"
    "@next/swc-darwin-arm64" "12.2.1"
    "@next/swc-darwin-x64" "12.2.1"
    "@next/swc-freebsd-x64" "12.2.1"
    "@next/swc-linux-arm-gnueabihf" "12.2.1"
    "@next/swc-linux-arm64-gnu" "12.2.1"
    "@next/swc-linux-arm64-musl" "12.2.1"
    "@next/swc-linux-x64-gnu" "12.2.1"
    "@next/swc-linux-x64-musl" "12.2.1"
    "@next/swc-win32-arm64-msvc" "12.2.1"
    "@next/swc-win32-ia32-msvc" "12.2.1"
    "@next/swc-win32-x64-msvc" "12.2.1"

picocolors@^1.0.0:
  version "1.0.0"
  resolved "https://registry.yarnpkg.com/picocolors/-/picocolors-1.0.0.tgz#cb5bdc74ff3f51892236eaf79d68bc44564ab81c"
  integrity sha512-1fygroTLlHu66zi26VoTDv8yRgm0Fccecssto+MhsZ0D/DGW2sm8E8AjW7NU5VVTRt5GxbeZ5qBuJr+HyLYkjQ==

postcss@8.4.5:
  version "8.4.5"
  resolved "https://registry.yarnpkg.com/postcss/-/postcss-8.4.5.tgz#bae665764dfd4c6fcc24dc0fdf7e7aa00cc77f95"
  integrity sha512-jBDboWM8qpaqwkMwItqTQTiFikhs/67OYVvblFFTM7MrZjt6yMKd6r2kgXizEbTTljacm4NldIlZnhbjr84QYg==
  dependencies:
    nanoid "^3.1.30"
    picocolors "^1.0.0"
    source-map-js "^1.0.1"

react-dom@^18.1.0:
  version "18.2.0"
  resolved "https://registry.yarnpkg.com/react-dom/-/react-dom-18.2.0.tgz#22aaf38708db2674ed9ada224ca4aa708d821e3d"
  integrity sha512-6IMTriUmvsjHUjNtEDudZfuDQUoWXVxKHhlEGSk81n4YFS+r/Kl99wXiwlVXtPBtJenozv2P+hxDsw9eA7Xo6g==
  dependencies:
    loose-envify "^1.1.0"
    scheduler "^0.23.0"

react@^18.1.0:
  version "18.2.0"
  resolved "https://registry.yarnpkg.com/react/-/react-18.2.0.tgz#555bd98592883255fa00de14f1151a917b5d77d5"
  integrity sha512-/3IjMdb2L9QbBdWiW5e3P2/npwMBaU9mHCSCUzNln0ZCYbcfTsGbTJrU/kGemdH2IWmB2ioZ+zkxtmq6g09fGQ==
  dependencies:
    loose-envify "^1.1.0"

scheduler@^0.23.0:
  version "0.23.0"
  resolved "https://registry.yarnpkg.com/scheduler/-/scheduler-0.23.0.tgz#ba8041afc3d30eb206a487b6b384002e4e61fdfe"
  integrity sha512-CtuThmgHNg7zIZWAXi3AsyIzA3n4xx7aNyjwC2VJldO2LMVDhFK+63xGqq6CsJH4rTAt6/M+N4GhZiDYPx9eUw==
  dependencies:
    loose-envify "^1.1.0"

source-map-js@^1.0.1:
  version "1.0.2"
  resolved "https://registry.yarnpkg.com/source-map-js/-/source-map-js-1.0.2.tgz#adbc361d9c62df380125e7f161f71c826f1e490c"
  integrity sha512-R0XvVJ9WusLiqTCEiGCmICCMplcCkIwwR11mOSD9CR5u+IXYdiseeEuXCVAjS54zqwkLcPNnmU4OeJ6tUrWhDw==

styled-jsx@5.0.2:
  version "5.0.2"
  resolved "https://registry.yarnpkg.com/styled-jsx/-/styled-jsx-5.0.2.tgz#ff230fd593b737e9e68b630a694d460425478729"
  integrity sha512-LqPQrbBh3egD57NBcHET4qcgshPks+yblyhPlH2GY8oaDgKs8SK4C3dBh3oSJjgzJ3G5t1SYEZGHkP+QEpX9EQ==

tslib@^2.4.0:
  version "2.4.0"
  resolved "https://registry.yarnpkg.com/tslib/-/tslib-2.4.0.tgz#7cecaa7f073ce680a05847aa77be941098f36dc3"
  integrity sha512-d6xOpEDfsi2CZVlPQzGeux8XMwLT9hssAsaPYExaQMuYskwb+x1x7J371tWlbBdWHroy99KnVB6qIkUbs5X3UQ==

use-sync-external-store@1.1.0:
  version "1.1.0"
  resolved "https://registry.yarnpkg.com/use-sync-external-store/-/use-sync-external-store-1.1.0.tgz#3343c3fe7f7e404db70f8c687adf5c1652d34e82"
  integrity sha512-SEnieB2FPKEVne66NpXPd1Np4R1lTNKfjuy3XdIoPQKYBAFdzbzSZlSn1KJZUiihQLQC5Znot4SBz1EOTBwQAQ==
