# THIS IS AN AUTOGENERATED FILE. DO NOT EDIT THIS FILE DIRECTLY.
# yarn lockfile v1


"@next/env@12.1.1-canary.4":
  version "12.1.1-canary.4"
  resolved "https://registry.yarnpkg.com/@next/env/-/env-12.1.1-canary.4.tgz#6227c2f98d228c7e93359fe8d7478bd8e5e2a0f6"
  integrity sha512-Bw0qfrqeqj/e2DKNA/+KGTYIG0mTDcdPEZZHDUS5a6AYjJ9FezzUyeRs+wLcsbHqfC+Be+cYkcp2HVFMAnvGOA==

"@next/swc-android-arm-eabi@12.1.1-canary.4":
  version "12.1.1-canary.4"
  resolved "https://registry.yarnpkg.com/@next/swc-android-arm-eabi/-/swc-android-arm-eabi-12.1.1-canary.4.tgz#bb571656e9e6ad4a987f4b0cd5dc4e606fe2c7ef"
  integrity sha512-V7+4nSFVxfU3nKuxdtksdqnZu4JjG74c81PN/hcc63jp+B+YsxhSQ5p2LDnJtrjah6BrlabOvcNIvuijxdxqpQ==

"@next/swc-android-arm64@12.1.1-canary.4":
  version "12.1.1-canary.4"
  resolved "https://registry.yarnpkg.com/@next/swc-android-arm64/-/swc-android-arm64-12.1.1-canary.4.tgz#e1e973a98f01004c30bc12261299bccb48814026"
  integrity sha512-zLlN2D2qlYJQN3R0AFwTDceJOgD6eGOuExTtyd6/A/43o8ZCwIFFLzpjDw2zDv0hHlgfjkY6tMhJY4vjkzTPwQ==

"@next/swc-darwin-arm64@12.1.1-canary.4":
  version "12.1.1-canary.4"
  resolved "https://registry.yarnpkg.com/@next/swc-darwin-arm64/-/swc-darwin-arm64-12.1.1-canary.4.tgz#43ca6d6df37186567ba7fcdda51e7d637b94e77f"
  integrity sha512-mwBUCO/rVCVIWSAZ4CDDeI9M+PUxa6MHi97Y00kZPo1cVqc08EeBTIJopgtIk6q3jUXdAv7skF4zuzzDVU1owQ==

"@next/swc-darwin-x64@12.1.1-canary.4":
  version "12.1.1-canary.4"
  resolved "https://registry.yarnpkg.com/@next/swc-darwin-x64/-/swc-darwin-x64-12.1.1-canary.4.tgz#277e72b598b1977291ac9e2eb08aff91b68447d9"
  integrity sha512-foANf3Ju2mlWhsruKQd28ZzWqZHWbJLnYwjqzlGtwbLJ3jKWbfqsjXRS0kfO85ZTTpLnH9tKEcKuKLuTx6t5Wg==

"@next/swc-linux-arm-gnueabihf@12.1.1-canary.4":
  version "12.1.1-canary.4"
  resolved "https://registry.yarnpkg.com/@next/swc-linux-arm-gnueabihf/-/swc-linux-arm-gnueabihf-12.1.1-canary.4.tgz#eccf2c940a0a4fd76983fe952fe1b7a5a48c6dfd"
  integrity sha512-eyhLHrMH+/aOY1gupkJVRozJlZe9gBoRAOIft3fItJacSpNVqqSwHC+YwbeH5uO9Mm1Xb6Mqo0OnIcaAm6Iz2g==

"@next/swc-linux-arm64-gnu@12.1.1-canary.4":
  version "12.1.1-canary.4"
  resolved "https://registry.yarnpkg.com/@next/swc-linux-arm64-gnu/-/swc-linux-arm64-gnu-12.1.1-canary.4.tgz#30ff1a50402748daa95811b36174cdd8f666032b"
  integrity sha512-COWQESQYuQatXTIMvgsJeOt9mnNwpXma95NkuQud+M7TlG22zxTn70aDpNMBP5MNelC37q2K4MQB06/teB4wyA==

"@next/swc-linux-arm64-musl@12.1.1-canary.4":
  version "12.1.1-canary.4"
  resolved "https://registry.yarnpkg.com/@next/swc-linux-arm64-musl/-/swc-linux-arm64-musl-12.1.1-canary.4.tgz#c617ebd48e870fcfb0a49291616e92e0571d56c2"
  integrity sha512-w7y4hlPZbTp2CnLh7pR1xYkHHjxD3fON6uf1Zml/Ve3OrlqvuaxMtK41NHPpKiCBzwYbIAH12QGvapI5BVqGOw==

"@next/swc-linux-x64-gnu@12.1.1-canary.4":
  version "12.1.1-canary.4"
  resolved "https://registry.yarnpkg.com/@next/swc-linux-x64-gnu/-/swc-linux-x64-gnu-12.1.1-canary.4.tgz#ea673ebd6f771c3ab4834c0dd4646caf5e2770dc"
  integrity sha512-SSNEg2myCXUePTqiA+FbgNddHUYRoGxdAT9YLfopHWAtbpinvJzywG/fT5X6A9ZmPUJi8pxvPKP8QqqrhQp3kw==

"@next/swc-linux-x64-musl@12.1.1-canary.4":
  version "12.1.1-canary.4"
  resolved "https://registry.yarnpkg.com/@next/swc-linux-x64-musl/-/swc-linux-x64-musl-12.1.1-canary.4.tgz#e0c6a75094e30b22254b7501ff3525751efe55aa"
  integrity sha512-oKpS9FtLKRgm1glxrvXcuztojXejovRBD/ww458hwUE6915mVsckJGeYPEhcqBV8OB0RvDweO2t8fBttZyTx4Q==

"@next/swc-win32-arm64-msvc@12.1.1-canary.4":
  version "12.1.1-canary.4"
  resolved "https://registry.yarnpkg.com/@next/swc-win32-arm64-msvc/-/swc-win32-arm64-msvc-12.1.1-canary.4.tgz#4e1fd05c190a03f0b0ce666838297877fc2721ee"
  integrity sha512-3kx9BPfmGkUpAz+qkyYPKEubZtTPrWanEDIoYb23gmVbbAoRD4m11D7kdklrzR+c3/FGXHMgWrOp0LgUwdAP+Q==

"@next/swc-win32-ia32-msvc@12.1.1-canary.4":
  version "12.1.1-canary.4"
  resolved "https://registry.yarnpkg.com/@next/swc-win32-ia32-msvc/-/swc-win32-ia32-msvc-12.1.1-canary.4.tgz#dd2fac8801ba930378d157cebde136703dd14b40"
  integrity sha512-h1xeYDDiCgZeoGKuTaQDA3qSS0U5o0AW+5GYgnWow89bSmVPV/Q6kCbphD1S8gZ+daG739Zx0sf7JelHzfptjQ==

"@next/swc-win32-x64-msvc@12.1.1-canary.4":
  version "12.1.1-canary.4"
  resolved "https://registry.yarnpkg.com/@next/swc-win32-x64-msvc/-/swc-win32-x64-msvc-12.1.1-canary.4.tgz#bf9a37e40a9729566eb1a67056bd8806a1ae7755"
  integrity sha512-uNHFjpu4IsouXMqYQO47lIHhJ+piwOWBSdJypi9ALSnAGmRpyUUM7hGuCAAtUKsZTnOxGRKJ3S53uZmfIxnGTQ==

caniuse-lite@^1.0.30001283:
  version "1.0.30001286"
  resolved "https://registry.yarnpkg.com/caniuse-lite/-/caniuse-lite-1.0.30001286.tgz#3e9debad420419618cfdf52dc9b6572b28a8fff6"
  integrity sha512-zaEMRH6xg8ESMi2eQ3R4eZ5qw/hJiVsO/HlLwniIwErij0JDr9P+8V4dtx1l+kLq6j3yy8l8W4fst1lBnat5wQ==

"js-tokens@^3.0.0 || ^4.0.0":
  version "4.0.0"
  resolved "https://registry.yarnpkg.com/js-tokens/-/js-tokens-4.0.0.tgz#19203fb59991df98e3a287050d4647cdeaf32499"
  integrity sha512-RdJUflcE3cUzKiMqQgsCu06FPu9UdIJO0beYbPhHN4k6apgJtifcoCtT9bcxOpYBtpD2kCM6Sbzg4CausW/PKQ==

loose-envify@^1.1.0:
  version "1.4.0"
  resolved "https://registry.yarnpkg.com/loose-envify/-/loose-envify-1.4.0.tgz#71ee51fa7be4caec1a63839f7e682d8132d30caf"
  integrity sha512-lyuxPGr/Wfhrlem2CL/UcnUc1zcqKAImBDzukY7Y5F/yQiNdko6+fRLevlw1HgMySw7f611UIY408EtxRSoK3Q==
  dependencies:
    js-tokens "^3.0.0 || ^4.0.0"

ms@2.1.3:
  version "2.1.3"
  resolved "https://registry.yarnpkg.com/ms/-/ms-2.1.3.tgz#574c8138ce1d2b5861f0b44579dbadd60c6615b2"
  integrity sha512-6FlzubTLZG3J2a/NVCAleEhjzq5oxgHyaCU9yYXvcLsvoVaHJq/s5xXI6/XXP6tz7R9xAOtHnSO/tXtF3WRTlA==

nanoid@^3.1.30:
  version "3.2.0"
  resolved "https://registry.yarnpkg.com/nanoid/-/nanoid-3.2.0.tgz#62667522da6673971cca916a6d3eff3f415ff80c"
  integrity sha512-fmsZYa9lpn69Ad5eDn7FMcnnSR+8R34W9qJEijxYhTbfOWzr22n1QxCMzXLK+ODyW2973V3Fux959iQoUxzUIA==

next@^12.1.1-canary.4:
  version "12.1.1-canary.4"
  resolved "https://registry.yarnpkg.com/next/-/next-12.1.1-canary.4.tgz#fee7dd023cd3492f458c1edfa3142e04259f552d"
  integrity sha512-XBEnEUw4GpA+ha47BxkqNldZ+jZ5Mb1EmWYum6eXo2PqCL9SA/+NjiXXZqDJf8BSIKXOvH/RBLKkMI/PjlQhSA==
  dependencies:
    "@next/env" "12.1.1-canary.4"
    caniuse-lite "^1.0.30001283"
    postcss "8.4.5"
    styled-jsx "5.0.0"
    use-subscription "1.5.1"
  optionalDependencies:
    "@next/swc-android-arm-eabi" "12.1.1-canary.4"
    "@next/swc-android-arm64" "12.1.1-canary.4"
    "@next/swc-darwin-arm64" "12.1.1-canary.4"
    "@next/swc-darwin-x64" "12.1.1-canary.4"
    "@next/swc-linux-arm-gnueabihf" "12.1.1-canary.4"
    "@next/swc-linux-arm64-gnu" "12.1.1-canary.4"
    "@next/swc-linux-arm64-musl" "12.1.1-canary.4"
    "@next/swc-linux-x64-gnu" "12.1.1-canary.4"
    "@next/swc-linux-x64-musl" "12.1.1-canary.4"
    "@next/swc-win32-arm64-msvc" "12.1.1-canary.4"
    "@next/swc-win32-ia32-msvc" "12.1.1-canary.4"
    "@next/swc-win32-x64-msvc" "12.1.1-canary.4"

object-assign@^4.1.1:
  version "4.1.1"
  resolved "https://registry.yarnpkg.com/object-assign/-/object-assign-4.1.1.tgz#2109adc7965887cfc05cbbd442cac8bfbb360863"
  integrity sha1-IQmtx5ZYh8/AXLvUQsrIv7s2CGM=

picocolors@^1.0.0:
  version "1.0.0"
  resolved "https://registry.yarnpkg.com/picocolors/-/picocolors-1.0.0.tgz#cb5bdc74ff3f51892236eaf79d68bc44564ab81c"
  integrity sha512-1fygroTLlHu66zi26VoTDv8yRgm0Fccecssto+MhsZ0D/DGW2sm8E8AjW7NU5VVTRt5GxbeZ5qBuJr+HyLYkjQ==

postcss@8.4.5:
  version "8.4.5"
  resolved "https://registry.yarnpkg.com/postcss/-/postcss-8.4.5.tgz#bae665764dfd4c6fcc24dc0fdf7e7aa00cc77f95"
  integrity sha512-jBDboWM8qpaqwkMwItqTQTiFikhs/67OYVvblFFTM7MrZjt6yMKd6r2kgXizEbTTljacm4NldIlZnhbjr84QYg==
  dependencies:
    nanoid "^3.1.30"
    picocolors "^1.0.0"
    source-map-js "^1.0.1"

react-dom@^18.0.0-rc.0:
  version "18.0.0-rc.0"
  resolved "https://registry.yarnpkg.com/react-dom/-/react-dom-18.0.0-rc.0.tgz#aa07044bdd6399ff94c664b2985e2e25948fbf3e"
  integrity sha512-tdD1n0svTndHBQvVAq/f2Kx7FgQ30CpSLp87/neQKAHPW5WtdgW1sBSwmFAcMQOrmstTuP0M+zRlH86f9kMX/A==
  dependencies:
    loose-envify "^1.1.0"
    object-assign "^4.1.1"
    scheduler "^0.21.0-rc.0"

react@^18.0.0-rc.0:
  version "18.0.0-rc.0"
  resolved "https://registry.yarnpkg.com/react/-/react-18.0.0-rc.0.tgz#60bfcf1edd0b35fbeeeca852515c6cc2ce06a6eb"
  integrity sha512-PawosMBgF8k5Nlc3++ibzjFqPvo1XKv80MNtVYqz3abHHB2w3IpU65sSdSmBd2ooCwVhcp9b1vkx/twqhakNtA==
  dependencies:
    loose-envify "^1.1.0"
    object-assign "^4.1.1"

scheduler@^0.21.0-rc.0:
  version "0.21.0-rc.0-next-f2a59df48-20211208"
  resolved "https://registry.yarnpkg.com/scheduler/-/scheduler-0.21.0-rc.0-next-f2a59df48-20211208.tgz#54e18e1d360194fd54b47a00616e46403fcabdf1"
  integrity sha512-x0oLd3YIih9GHqWTaFYejVe6Au+4TadOWZciAq8m4+Fuo5qCi4/3M35a9irVSIP3+qcg/fCqHKJETT9G0ejD1A==
  dependencies:
    loose-envify "^1.1.0"
    object-assign "^4.1.1"

source-map-js@^1.0.1:
  version "1.0.2"
  resolved "https://registry.yarnpkg.com/source-map-js/-/source-map-js-1.0.2.tgz#adbc361d9c62df380125e7f161f71c826f1e490c"
  integrity sha512-R0XvVJ9WusLiqTCEiGCmICCMplcCkIwwR11mOSD9CR5u+IXYdiseeEuXCVAjS54zqwkLcPNnmU4OeJ6tUrWhDw==

styled-jsx@5.0.0:
  version "5.0.0"
  resolved "https://registry.yarnpkg.com/styled-jsx/-/styled-jsx-5.0.0.tgz#816b4b92e07b1786c6b7111821750e0ba4d26e77"
  integrity sha512-qUqsWoBquEdERe10EW8vLp3jT25s/ssG1/qX5gZ4wu15OZpmSMFI2v+fWlRhLfykA5rFtlJ1ME8A8pm/peV4WA==

use-subscription@1.5.1:
  version "1.5.1"
  resolved "https://registry.yarnpkg.com/use-subscription/-/use-subscription-1.5.1.tgz#73501107f02fad84c6dd57965beb0b75c68c42d1"
  integrity sha512-Xv2a1P/yReAjAbhylMfFplFKj9GssgTwN7RlcTxBujFQcloStWNDQdc4g4NRWH9xS4i/FDk04vQBptAXoF3VcA==
  dependencies:
    object-assign "^4.1.1"
